// !$*UTF8*$!
{
	archiveVersion = 1;
	classes = {
	};
	objectVersion = 50;
	objects = {

/* Begin PBXBuildFile section */
		0100E99D295477CF00EC2C1C /* FeedImagePresenter.swift in Sources */ = {isa = PBXBuildFile; fileRef = 019FF117292BA0A50030EEB9 /* FeedImagePresenter.swift */; };
		0100E99E295477CF00EC2C1C /* FeedImageViewModel.swift in Sources */ = {isa = PBXBuildFile; fileRef = 01F9F5D429294B0500CB6964 /* FeedImageViewModel.swift */; };
		0100E99F2954990F00EC2C1C /* FeedImageDataLoader.swift in Sources */ = {isa = PBXBuildFile; fileRef = 01F9F5B32929332200CB6964 /* FeedImageDataLoader.swift */; };
		0100E9A1295499E100EC2C1C /* LoadFeedImageDataFromRemoteUseCaseTests.swift in Sources */ = {isa = PBXBuildFile; fileRef = 0100E9A0295499E100EC2C1C /* LoadFeedImageDataFromRemoteUseCaseTests.swift */; };
		0100E9A42954BF6200EC2C1C /* HTTPClientSpy.swift in Sources */ = {isa = PBXBuildFile; fileRef = 0100E9A32954BF6200EC2C1C /* HTTPClientSpy.swift */; };
		0100E9A62954C02A00EC2C1C /* RemoteFeedImageDataLoader.swift in Sources */ = {isa = PBXBuildFile; fileRef = 0100E9A52954C02A00EC2C1C /* RemoteFeedImageDataLoader.swift */; };
		0116F2A729717F6800A67BD7 /* HTTPURLResponse+StatusCode.swift in Sources */ = {isa = PBXBuildFile; fileRef = 0116F2A629717F6800A67BD7 /* HTTPURLResponse+StatusCode.swift */; };
		0116F2A92971801500A67BD7 /* URLProtocolStub.swift in Sources */ = {isa = PBXBuildFile; fileRef = 0116F2A82971801500A67BD7 /* URLProtocolStub.swift */; };
		0116F2AB297181FF00A67BD7 /* LoadFeedImageDataFromCacheUseCaseTests.swift in Sources */ = {isa = PBXBuildFile; fileRef = 0116F2AA297181FF00A67BD7 /* LoadFeedImageDataFromCacheUseCaseTests.swift */; };
		011EDAE12912EFAE007675DE /* XCTestCase+MemoryLeakTracking.swift in Sources */ = {isa = PBXBuildFile; fileRef = 019CE21528FDA84600F4C88E /* XCTestCase+MemoryLeakTracking.swift */; };
		011EDAE22912F0C7007675DE /* FeedCacheTestHelpers.swift in Sources */ = {isa = PBXBuildFile; fileRef = 01DFA13829094ABC003305CA /* FeedCacheTestHelpers.swift */; };
		011EDAE32912F1FB007675DE /* SharedTestHelpers.swift in Sources */ = {isa = PBXBuildFile; fileRef = 01DFA13A29094B5F003305CA /* SharedTestHelpers.swift */; };
		012AFD7B2926E3810079827A /* FeedImageCell.swift in Sources */ = {isa = PBXBuildFile; fileRef = 012AFD7A2926E3810079827A /* FeedImageCell.swift */; };
		012AFD7D2926F4040079827A /* UIView+Shimmering.swift in Sources */ = {isa = PBXBuildFile; fileRef = 012AFD7C2926F4040079827A /* UIView+Shimmering.swift */; };
		014AF76F2907F7D700B4FA01 /* CacheFeedUseCaseTests.swift in Sources */ = {isa = PBXBuildFile; fileRef = 014AF76E2907F7D700B4FA01 /* CacheFeedUseCaseTests.swift */; };
		014AF77229082D7F00B4FA01 /* LocalFeedLoader.swift in Sources */ = {isa = PBXBuildFile; fileRef = 014AF77129082D7F00B4FA01 /* LocalFeedLoader.swift */; };
		014AF77429082DD700B4FA01 /* FeedStore.swift in Sources */ = {isa = PBXBuildFile; fileRef = 014AF77329082DD700B4FA01 /* FeedStore.swift */; };
		014AF776290835DA00B4FA01 /* RemoteFeedItem.swift in Sources */ = {isa = PBXBuildFile; fileRef = 014AF775290835DA00B4FA01 /* RemoteFeedItem.swift */; };
		014AF7782908360100B4FA01 /* LocalFeedImage.swift in Sources */ = {isa = PBXBuildFile; fileRef = 014AF7772908360100B4FA01 /* LocalFeedImage.swift */; };
		01512140290BE01E00B706BD /* FeedCachePolicy.swift in Sources */ = {isa = PBXBuildFile; fileRef = 0151213F290BE01E00B706BD /* FeedCachePolicy.swift */; };
		0176D88828F1AC6E00B3379A /* RemoteFeedLoader.swift in Sources */ = {isa = PBXBuildFile; fileRef = 0176D88728F1AC6E00B3379A /* RemoteFeedLoader.swift */; };
		018A663F28FDCD0100AC3D41 /* FeedItemSample.swift in Sources */ = {isa = PBXBuildFile; fileRef = 018A663E28FDCD0100AC3D41 /* FeedItemSample.swift */; };
		018A664028FDD0B600AC3D41 /* XCTestCase+MemoryLeakTracking.swift in Sources */ = {isa = PBXBuildFile; fileRef = 019CE21528FDA84600F4C88E /* XCTestCase+MemoryLeakTracking.swift */; };
		0193B2C82947430C004739F0 /* FeedPresenterTests.swift in Sources */ = {isa = PBXBuildFile; fileRef = 0193B2C72947430C004739F0 /* FeedPresenterTests.swift */; };
		0193B2CA29474F54004739F0 /* ErrorView.swift in Sources */ = {isa = PBXBuildFile; fileRef = 0193B2C929474F54004739F0 /* ErrorView.swift */; };
		0193B2CF294751F9004739F0 /* UIRefreshControl+Helpers.swift in Sources */ = {isa = PBXBuildFile; fileRef = 0193B2CE294751F9004739F0 /* UIRefreshControl+Helpers.swift */; };
		019A3B8028FDBD7900A9D508 /* URLSessionHTTPClient.swift in Sources */ = {isa = PBXBuildFile; fileRef = 019A3B7F28FDBD7900A9D508 /* URLSessionHTTPClient.swift */; };
		019CE21628FDA84600F4C88E /* XCTestCase+MemoryLeakTracking.swift in Sources */ = {isa = PBXBuildFile; fileRef = 019CE21528FDA84600F4C88E /* XCTestCase+MemoryLeakTracking.swift */; };
		019D83192980562000AD9F24 /* FeedImageDataStore.swift in Sources */ = {isa = PBXBuildFile; fileRef = 019D83182980562000AD9F24 /* FeedImageDataStore.swift */; };
		019D831B2980565800AD9F24 /* LocalFeedImageDataLoader.swift in Sources */ = {isa = PBXBuildFile; fileRef = 019D831A2980565800AD9F24 /* LocalFeedImageDataLoader.swift */; };
		019D831E2980589000AD9F24 /* FeedImageDataStoreSpy.swift in Sources */ = {isa = PBXBuildFile; fileRef = 019D831D2980589000AD9F24 /* FeedImageDataStoreSpy.swift */; };
		019F76742912E75C00AB542A /* CoreDataHelpers.swift in Sources */ = {isa = PBXBuildFile; fileRef = 019F76732912E75C00AB542A /* CoreDataHelpers.swift */; };
		019F76762912E7D100AB542A /* ManagedCache.swift in Sources */ = {isa = PBXBuildFile; fileRef = 019F76752912E7D100AB542A /* ManagedCache.swift */; };
		019F76782912E7DC00AB542A /* ManagedFeedImage.swift in Sources */ = {isa = PBXBuildFile; fileRef = 019F76772912E7DC00AB542A /* ManagedFeedImage.swift */; };
		019F76802912EC8500AB542A /* EssentialFeedCacheIntegrationTests.swift in Sources */ = {isa = PBXBuildFile; fileRef = 019F767F2912EC8500AB542A /* EssentialFeedCacheIntegrationTests.swift */; };
		019F76812912EC8500AB542A /* EssentialFeed.framework in Frameworks */ = {isa = PBXBuildFile; fileRef = 080EDEF121B6DA7E00813479 /* EssentialFeed.framework */; };
		019FF120292BC4990030EEB9 /* Feed.storyboard in Resources */ = {isa = PBXBuildFile; fileRef = 019FF11F292BC4990030EEB9 /* Feed.storyboard */; };
		019FF122292BD42E0030EEB9 /* UITableView+Dequeueing.swift in Sources */ = {isa = PBXBuildFile; fileRef = 019FF121292BD42E0030EEB9 /* UITableView+Dequeueing.swift */; };
		019FF124292BD5230030EEB9 /* UIImageView+Animations.swift in Sources */ = {isa = PBXBuildFile; fileRef = 019FF123292BD5230030EEB9 /* UIImageView+Animations.swift */; };
		019FF128292BDE110030EEB9 /* FeedViewControllerTests+Localization.swift in Sources */ = {isa = PBXBuildFile; fileRef = 019FF127292BDE110030EEB9 /* FeedViewControllerTests+Localization.swift */; };
		01A81D1F28EF61C40033EC7D /* LoadFeedFromRemoteUseCaseTests.swift in Sources */ = {isa = PBXBuildFile; fileRef = 01A81D1E28EF61C40033EC7D /* LoadFeedFromRemoteUseCaseTests.swift */; };
		01B86507292078660030A372 /* FeedUIIntegrationTests.swift in Sources */ = {isa = PBXBuildFile; fileRef = 01B86506292078660030A372 /* FeedUIIntegrationTests.swift */; };
		01B86509292078C50030A372 /* EssentialFeed.framework in Frameworks */ = {isa = PBXBuildFile; fileRef = 080EDEF121B6DA7E00813479 /* EssentialFeed.framework */; };
		01B8650A292078C50030A372 /* EssentialFeed.framework in Embed Frameworks */ = {isa = PBXBuildFile; fileRef = 080EDEF121B6DA7E00813479 /* EssentialFeed.framework */; settings = {ATTRIBUTES = (CodeSignOnCopy, RemoveHeadersOnCopy, ); }; };
		01B8650E29207A250030A372 /* XCTestCase+MemoryLeakTracking.swift in Sources */ = {isa = PBXBuildFile; fileRef = 019CE21528FDA84600F4C88E /* XCTestCase+MemoryLeakTracking.swift */; };
		01B865102920833A0030A372 /* FeedViewController.swift in Sources */ = {isa = PBXBuildFile; fileRef = 01B8650F2920833A0030A372 /* FeedViewController.swift */; };
		01C0887B28F8CF06005B8B89 /* URLSessionHTTPClientTests.swift in Sources */ = {isa = PBXBuildFile; fileRef = 01C0887A28F8CF06005B8B89 /* URLSessionHTTPClientTests.swift */; };
		01C1D49D2910263B0087336B /* FeedStoreSpecs.swift in Sources */ = {isa = PBXBuildFile; fileRef = 01C1D49C2910263B0087336B /* FeedStoreSpecs.swift */; };
		01C1D49F2910270C0087336B /* XCTestCase+FeedStoreSpecs.swift in Sources */ = {isa = PBXBuildFile; fileRef = 01C1D49E2910270C0087336B /* XCTestCase+FeedStoreSpecs.swift */; };
		01C1D4A129102EDD0087336B /* XCTestCase+FailableDeleteFeedStoreSpecs.swift in Sources */ = {isa = PBXBuildFile; fileRef = 01C1D4A029102EDD0087336B /* XCTestCase+FailableDeleteFeedStoreSpecs.swift */; };
		01C1D4A329102FF40087336B /* XCTestCase+FailableRetrieveFeedStoreSpecs.swift in Sources */ = {isa = PBXBuildFile; fileRef = 01C1D4A229102FF40087336B /* XCTestCase+FailableRetrieveFeedStoreSpecs.swift */; };
		01C1D4A529102FFE0087336B /* XCTestCase+FailableInsertFeedStoreSpecs.swift in Sources */ = {isa = PBXBuildFile; fileRef = 01C1D4A429102FFE0087336B /* XCTestCase+FailableInsertFeedStoreSpecs.swift */; };
		01C1D4AC291032F70087336B /* CoreDataFeedStoreTests.swift in Sources */ = {isa = PBXBuildFile; fileRef = 01C1D4AB291032F70087336B /* CoreDataFeedStoreTests.swift */; };
		01C1D4B02910350B0087336B /* CoreDataFeedStore.swift in Sources */ = {isa = PBXBuildFile; fileRef = 01C1D4AF2910350B0087336B /* CoreDataFeedStore.swift */; };
		01C1D4B3291038DF0087336B /* FeedStore.xcdatamodeld in Sources */ = {isa = PBXBuildFile; fileRef = 01C1D4B1291038DF0087336B /* FeedStore.xcdatamodeld */; };
		01CC34E528F5E6C400CE3C72 /* HTTPClient.swift in Sources */ = {isa = PBXBuildFile; fileRef = 01CC34E428F5E6C400CE3C72 /* HTTPClient.swift */; };
		01CC34E728F5E71900CE3C72 /* FeedItemsMapper.swift in Sources */ = {isa = PBXBuildFile; fileRef = 01CC34E628F5E71900CE3C72 /* FeedItemsMapper.swift */; };
		01CD9E87292004EA007C85E0 /* EssentialFeediOS.framework in Frameworks */ = {isa = PBXBuildFile; fileRef = 01CD9E7F292004EA007C85E0 /* EssentialFeediOS.framework */; };
		01DDD306294BBBA200DC1217 /* FeedPresenter.swift in Sources */ = {isa = PBXBuildFile; fileRef = 01DDD305294BBBA200DC1217 /* FeedPresenter.swift */; };
		01DDD307294BBCB600DC1217 /* Feed.strings in Resources */ = {isa = PBXBuildFile; fileRef = 01DDD301294BBA0A00DC1217 /* Feed.strings */; };
		01DDD309294BBCF300DC1217 /* FeedLoadingViewModel.swift in Sources */ = {isa = PBXBuildFile; fileRef = 01DDD308294BBCF300DC1217 /* FeedLoadingViewModel.swift */; };
		01DDD30B294BBD0B00DC1217 /* FeedErrorViewModel.swift in Sources */ = {isa = PBXBuildFile; fileRef = 01DDD30A294BBD0B00DC1217 /* FeedErrorViewModel.swift */; };
		01DDD30D294BBD1E00DC1217 /* FeedViewModel.swift in Sources */ = {isa = PBXBuildFile; fileRef = 01DDD30C294BBD1E00DC1217 /* FeedViewModel.swift */; };
		01DDD30E294BBEBE00DC1217 /* FeedLocalizationTests.swift in Sources */ = {isa = PBXBuildFile; fileRef = 019FF12F292BE03F0030EEB9 /* FeedLocalizationTests.swift */; };
		01DDD310294BC52900DC1217 /* FeedImagePresenterTests.swift in Sources */ = {isa = PBXBuildFile; fileRef = 01DDD30F294BC52900DC1217 /* FeedImagePresenterTests.swift */; };
		01DFA13229092B40003305CA /* LoadFeedFromCacheUseCaseTests.swift in Sources */ = {isa = PBXBuildFile; fileRef = 01DFA13129092B40003305CA /* LoadFeedFromCacheUseCaseTests.swift */; };
		01DFA13529092C1C003305CA /* FeedStoreSpy.swift in Sources */ = {isa = PBXBuildFile; fileRef = 01DFA13429092C1C003305CA /* FeedStoreSpy.swift */; };
		01DFA1372909476A003305CA /* ValidateFeedCacheUseCaseTests.swift in Sources */ = {isa = PBXBuildFile; fileRef = 01DFA1362909476A003305CA /* ValidateFeedCacheUseCaseTests.swift */; };
		01DFA13929094ABC003305CA /* FeedCacheTestHelpers.swift in Sources */ = {isa = PBXBuildFile; fileRef = 01DFA13829094ABC003305CA /* FeedCacheTestHelpers.swift */; };
		01DFA13B29094B5F003305CA /* SharedTestHelpers.swift in Sources */ = {isa = PBXBuildFile; fileRef = 01DFA13A29094B5F003305CA /* SharedTestHelpers.swift */; };
		01F1B98928FDCA660077AD33 /* EssentialFeedAPIEndToEndTests.swift in Sources */ = {isa = PBXBuildFile; fileRef = 01F1B98828FDCA660077AD33 /* EssentialFeedAPIEndToEndTests.swift */; };
		01F1B98A28FDCA660077AD33 /* EssentialFeed.framework in Frameworks */ = {isa = PBXBuildFile; fileRef = 080EDEF121B6DA7E00813479 /* EssentialFeed.framework */; };
		01F9F5BA2929341100CB6964 /* UIButton+TestHelpers.swift in Sources */ = {isa = PBXBuildFile; fileRef = 01F9F5B92929341100CB6964 /* UIButton+TestHelpers.swift */; };
		01F9F5BC2929344600CB6964 /* UIControl+TestHelpers.swift in Sources */ = {isa = PBXBuildFile; fileRef = 01F9F5BB2929344600CB6964 /* UIControl+TestHelpers.swift */; };
		01F9F5BE2929349D00CB6964 /* UIImage+TestHelpers.swift in Sources */ = {isa = PBXBuildFile; fileRef = 01F9F5BD2929349D00CB6964 /* UIImage+TestHelpers.swift */; };
		01F9F5C0292934C100CB6964 /* UIRefreshControl+TestHelpers.swift in Sources */ = {isa = PBXBuildFile; fileRef = 01F9F5BF292934C100CB6964 /* UIRefreshControl+TestHelpers.swift */; };
		01F9F5C3292934F600CB6964 /* FeedImageCell+TestHelpers.swift in Sources */ = {isa = PBXBuildFile; fileRef = 01F9F5C2292934F600CB6964 /* FeedImageCell+TestHelpers.swift */; };
		01F9F5C52929354D00CB6964 /* FeedViewController+TestHelpers.swift in Sources */ = {isa = PBXBuildFile; fileRef = 01F9F5C42929354D00CB6964 /* FeedViewController+TestHelpers.swift */; };
		01F9F5C72929358500CB6964 /* FeedViewControllerTests+Assertions.swift in Sources */ = {isa = PBXBuildFile; fileRef = 01F9F5C62929358500CB6964 /* FeedViewControllerTests+Assertions.swift */; };
		01F9F5C92929359300CB6964 /* FeedViewControllerTests+LoaderSpy.swift in Sources */ = {isa = PBXBuildFile; fileRef = 01F9F5C82929359300CB6964 /* FeedViewControllerTests+LoaderSpy.swift */; };
		01F9F5CD29293CF100CB6964 /* FeedImageCellController.swift in Sources */ = {isa = PBXBuildFile; fileRef = 01F9F5CC29293CF100CB6964 /* FeedImageCellController.swift */; };
		01F9F5D02929406E00CB6964 /* FeedUIComposer.swift in Sources */ = {isa = PBXBuildFile; fileRef = 01F9F5CF2929406E00CB6964 /* FeedUIComposer.swift */; };
		01FF5FD2292D7BAA001FFC46 /* MainQueueDispatchDecorator.swift in Sources */ = {isa = PBXBuildFile; fileRef = 01FF5FD1292D7BAA001FFC46 /* MainQueueDispatchDecorator.swift */; };
		01FF5FD4292D7C0B001FFC46 /* WeakRefVirtualProxy.swift in Sources */ = {isa = PBXBuildFile; fileRef = 01FF5FD3292D7C0B001FFC46 /* WeakRefVirtualProxy.swift */; };
		01FF5FD6292D7C54001FFC46 /* FeedViewAdapter.swift in Sources */ = {isa = PBXBuildFile; fileRef = 01FF5FD5292D7C54001FFC46 /* FeedViewAdapter.swift */; };
		01FF5FD8292D7CAA001FFC46 /* FeedLoaderPresentationAdapter.swift in Sources */ = {isa = PBXBuildFile; fileRef = 01FF5FD7292D7CAA001FFC46 /* FeedLoaderPresentationAdapter.swift */; };
		01FF5FDA292D7CF1001FFC46 /* FeedImageDataLoaderPresentationAdapter.swift in Sources */ = {isa = PBXBuildFile; fileRef = 01FF5FD9292D7CF1001FFC46 /* FeedImageDataLoaderPresentationAdapter.swift */; };
		080EDEFB21B6DA7E00813479 /* EssentialFeed.framework in Frameworks */ = {isa = PBXBuildFile; fileRef = 080EDEF121B6DA7E00813479 /* EssentialFeed.framework */; };
		080EDF0C21B6DAE800813479 /* FeedImage.swift in Sources */ = {isa = PBXBuildFile; fileRef = 080EDF0B21B6DAE800813479 /* FeedImage.swift */; };
		080EDF0E21B6DCB600813479 /* FeedLoader.swift in Sources */ = {isa = PBXBuildFile; fileRef = 080EDF0D21B6DCB600813479 /* FeedLoader.swift */; };
/* End PBXBuildFile section */

/* Begin PBXContainerItemProxy section */
		019F76822912EC8500AB542A /* PBXContainerItemProxy */ = {
			isa = PBXContainerItemProxy;
			containerPortal = 080EDEE821B6DA7E00813479 /* Project object */;
			proxyType = 1;
			remoteGlobalIDString = 080EDEF021B6DA7E00813479;
			remoteInfo = EssentialFeed;
		};
		01B8650B292078C50030A372 /* PBXContainerItemProxy */ = {
			isa = PBXContainerItemProxy;
			containerPortal = 080EDEE821B6DA7E00813479 /* Project object */;
			proxyType = 1;
			remoteGlobalIDString = 080EDEF021B6DA7E00813479;
			remoteInfo = EssentialFeed;
		};
		01CD9E88292004EA007C85E0 /* PBXContainerItemProxy */ = {
			isa = PBXContainerItemProxy;
			containerPortal = 080EDEE821B6DA7E00813479 /* Project object */;
			proxyType = 1;
			remoteGlobalIDString = 01CD9E7E292004EA007C85E0;
			remoteInfo = EssentialFeediOS;
		};
		01F1B98B28FDCA660077AD33 /* PBXContainerItemProxy */ = {
			isa = PBXContainerItemProxy;
			containerPortal = 080EDEE821B6DA7E00813479 /* Project object */;
			proxyType = 1;
			remoteGlobalIDString = 080EDEF021B6DA7E00813479;
			remoteInfo = EssentialFeed;
		};
		080EDEFC21B6DA7E00813479 /* PBXContainerItemProxy */ = {
			isa = PBXContainerItemProxy;
			containerPortal = 080EDEE821B6DA7E00813479 /* Project object */;
			proxyType = 1;
			remoteGlobalIDString = 080EDEF021B6DA7E00813479;
			remoteInfo = EssentialFeed;
		};
/* End PBXContainerItemProxy section */

/* Begin PBXCopyFilesBuildPhase section */
		01B8650D292078C50030A372 /* Embed Frameworks */ = {
			isa = PBXCopyFilesBuildPhase;
			buildActionMask = 2147483647;
			dstPath = "";
			dstSubfolderSpec = 10;
			files = (
				01B8650A292078C50030A372 /* EssentialFeed.framework in Embed Frameworks */,
			);
			name = "Embed Frameworks";
			runOnlyForDeploymentPostprocessing = 0;
		};
/* End PBXCopyFilesBuildPhase section */

/* Begin PBXFileReference section */
		0100E9A0295499E100EC2C1C /* LoadFeedImageDataFromRemoteUseCaseTests.swift */ = {isa = PBXFileReference; lastKnownFileType = sourcecode.swift; path = LoadFeedImageDataFromRemoteUseCaseTests.swift; sourceTree = "<group>"; };
		0100E9A32954BF6200EC2C1C /* HTTPClientSpy.swift */ = {isa = PBXFileReference; lastKnownFileType = sourcecode.swift; path = HTTPClientSpy.swift; sourceTree = "<group>"; };
		0100E9A52954C02A00EC2C1C /* RemoteFeedImageDataLoader.swift */ = {isa = PBXFileReference; lastKnownFileType = sourcecode.swift; path = RemoteFeedImageDataLoader.swift; sourceTree = "<group>"; };
		0116F2A629717F6800A67BD7 /* HTTPURLResponse+StatusCode.swift */ = {isa = PBXFileReference; lastKnownFileType = sourcecode.swift; path = "HTTPURLResponse+StatusCode.swift"; sourceTree = "<group>"; };
		0116F2A82971801500A67BD7 /* URLProtocolStub.swift */ = {isa = PBXFileReference; lastKnownFileType = sourcecode.swift; path = URLProtocolStub.swift; sourceTree = "<group>"; };
		0116F2AA297181FF00A67BD7 /* LoadFeedImageDataFromCacheUseCaseTests.swift */ = {isa = PBXFileReference; lastKnownFileType = sourcecode.swift; path = LoadFeedImageDataFromCacheUseCaseTests.swift; sourceTree = "<group>"; };
		012AFD7A2926E3810079827A /* FeedImageCell.swift */ = {isa = PBXFileReference; lastKnownFileType = sourcecode.swift; path = FeedImageCell.swift; sourceTree = "<group>"; };
		012AFD7C2926F4040079827A /* UIView+Shimmering.swift */ = {isa = PBXFileReference; lastKnownFileType = sourcecode.swift; path = "UIView+Shimmering.swift"; sourceTree = "<group>"; };
		014AF76E2907F7D700B4FA01 /* CacheFeedUseCaseTests.swift */ = {isa = PBXFileReference; lastKnownFileType = sourcecode.swift; path = CacheFeedUseCaseTests.swift; sourceTree = "<group>"; };
		014AF77129082D7F00B4FA01 /* LocalFeedLoader.swift */ = {isa = PBXFileReference; lastKnownFileType = sourcecode.swift; path = LocalFeedLoader.swift; sourceTree = "<group>"; };
		014AF77329082DD700B4FA01 /* FeedStore.swift */ = {isa = PBXFileReference; lastKnownFileType = sourcecode.swift; path = FeedStore.swift; sourceTree = "<group>"; };
		014AF775290835DA00B4FA01 /* RemoteFeedItem.swift */ = {isa = PBXFileReference; lastKnownFileType = sourcecode.swift; path = RemoteFeedItem.swift; sourceTree = "<group>"; };
		014AF7772908360100B4FA01 /* LocalFeedImage.swift */ = {isa = PBXFileReference; lastKnownFileType = sourcecode.swift; path = LocalFeedImage.swift; sourceTree = "<group>"; };
		0151213F290BE01E00B706BD /* FeedCachePolicy.swift */ = {isa = PBXFileReference; lastKnownFileType = sourcecode.swift; path = FeedCachePolicy.swift; sourceTree = "<group>"; };
		0176D88728F1AC6E00B3379A /* RemoteFeedLoader.swift */ = {isa = PBXFileReference; lastKnownFileType = sourcecode.swift; path = RemoteFeedLoader.swift; sourceTree = "<group>"; };
		018A663E28FDCD0100AC3D41 /* FeedItemSample.swift */ = {isa = PBXFileReference; lastKnownFileType = sourcecode.swift; path = FeedItemSample.swift; sourceTree = "<group>"; };
		0193B2C72947430C004739F0 /* FeedPresenterTests.swift */ = {isa = PBXFileReference; lastKnownFileType = sourcecode.swift; path = FeedPresenterTests.swift; sourceTree = "<group>"; };
		0193B2C929474F54004739F0 /* ErrorView.swift */ = {isa = PBXFileReference; lastKnownFileType = sourcecode.swift; path = ErrorView.swift; sourceTree = "<group>"; };
		0193B2CE294751F9004739F0 /* UIRefreshControl+Helpers.swift */ = {isa = PBXFileReference; lastKnownFileType = sourcecode.swift; path = "UIRefreshControl+Helpers.swift"; sourceTree = "<group>"; };
		019A3B7F28FDBD7900A9D508 /* URLSessionHTTPClient.swift */ = {isa = PBXFileReference; lastKnownFileType = sourcecode.swift; path = URLSessionHTTPClient.swift; sourceTree = "<group>"; };
		019CE21528FDA84600F4C88E /* XCTestCase+MemoryLeakTracking.swift */ = {isa = PBXFileReference; lastKnownFileType = sourcecode.swift; path = "XCTestCase+MemoryLeakTracking.swift"; sourceTree = "<group>"; };
		019D83182980562000AD9F24 /* FeedImageDataStore.swift */ = {isa = PBXFileReference; lastKnownFileType = sourcecode.swift; path = FeedImageDataStore.swift; sourceTree = "<group>"; };
		019D831A2980565800AD9F24 /* LocalFeedImageDataLoader.swift */ = {isa = PBXFileReference; lastKnownFileType = sourcecode.swift; path = LocalFeedImageDataLoader.swift; sourceTree = "<group>"; };
		019D831D2980589000AD9F24 /* FeedImageDataStoreSpy.swift */ = {isa = PBXFileReference; lastKnownFileType = sourcecode.swift; path = FeedImageDataStoreSpy.swift; sourceTree = "<group>"; };
		019F76732912E75C00AB542A /* CoreDataHelpers.swift */ = {isa = PBXFileReference; lastKnownFileType = sourcecode.swift; path = CoreDataHelpers.swift; sourceTree = "<group>"; };
		019F76752912E7D100AB542A /* ManagedCache.swift */ = {isa = PBXFileReference; lastKnownFileType = sourcecode.swift; path = ManagedCache.swift; sourceTree = "<group>"; };
		019F76772912E7DC00AB542A /* ManagedFeedImage.swift */ = {isa = PBXFileReference; lastKnownFileType = sourcecode.swift; path = ManagedFeedImage.swift; sourceTree = "<group>"; };
		019F767D2912EC8500AB542A /* EssentialFeedCacheIntegrationTests.xctest */ = {isa = PBXFileReference; explicitFileType = wrapper.cfbundle; includeInIndex = 0; path = EssentialFeedCacheIntegrationTests.xctest; sourceTree = BUILT_PRODUCTS_DIR; };
		019F767F2912EC8500AB542A /* EssentialFeedCacheIntegrationTests.swift */ = {isa = PBXFileReference; lastKnownFileType = sourcecode.swift; path = EssentialFeedCacheIntegrationTests.swift; sourceTree = "<group>"; };
		019FF117292BA0A50030EEB9 /* FeedImagePresenter.swift */ = {isa = PBXFileReference; lastKnownFileType = sourcecode.swift; path = FeedImagePresenter.swift; sourceTree = "<group>"; };
		019FF11F292BC4990030EEB9 /* Feed.storyboard */ = {isa = PBXFileReference; lastKnownFileType = file.storyboard; path = Feed.storyboard; sourceTree = "<group>"; };
		019FF121292BD42E0030EEB9 /* UITableView+Dequeueing.swift */ = {isa = PBXFileReference; lastKnownFileType = sourcecode.swift; path = "UITableView+Dequeueing.swift"; sourceTree = "<group>"; };
		019FF123292BD5230030EEB9 /* UIImageView+Animations.swift */ = {isa = PBXFileReference; lastKnownFileType = sourcecode.swift; path = "UIImageView+Animations.swift"; sourceTree = "<group>"; };
		019FF127292BDE110030EEB9 /* FeedViewControllerTests+Localization.swift */ = {isa = PBXFileReference; lastKnownFileType = sourcecode.swift; path = "FeedViewControllerTests+Localization.swift"; sourceTree = "<group>"; };
		019FF12F292BE03F0030EEB9 /* FeedLocalizationTests.swift */ = {isa = PBXFileReference; lastKnownFileType = sourcecode.swift; path = FeedLocalizationTests.swift; sourceTree = "<group>"; };
		01A81D1E28EF61C40033EC7D /* LoadFeedFromRemoteUseCaseTests.swift */ = {isa = PBXFileReference; lastKnownFileType = sourcecode.swift; path = LoadFeedFromRemoteUseCaseTests.swift; sourceTree = "<group>"; };
		01B86506292078660030A372 /* FeedUIIntegrationTests.swift */ = {isa = PBXFileReference; lastKnownFileType = sourcecode.swift; path = FeedUIIntegrationTests.swift; sourceTree = "<group>"; };
		01B8650F2920833A0030A372 /* FeedViewController.swift */ = {isa = PBXFileReference; lastKnownFileType = sourcecode.swift; path = FeedViewController.swift; sourceTree = "<group>"; };
		01C0887A28F8CF06005B8B89 /* URLSessionHTTPClientTests.swift */ = {isa = PBXFileReference; lastKnownFileType = sourcecode.swift; path = URLSessionHTTPClientTests.swift; sourceTree = "<group>"; };
		01C1D49C2910263B0087336B /* FeedStoreSpecs.swift */ = {isa = PBXFileReference; lastKnownFileType = sourcecode.swift; path = FeedStoreSpecs.swift; sourceTree = "<group>"; };
		01C1D49E2910270C0087336B /* XCTestCase+FeedStoreSpecs.swift */ = {isa = PBXFileReference; lastKnownFileType = sourcecode.swift; path = "XCTestCase+FeedStoreSpecs.swift"; sourceTree = "<group>"; };
		01C1D4A029102EDD0087336B /* XCTestCase+FailableDeleteFeedStoreSpecs.swift */ = {isa = PBXFileReference; lastKnownFileType = sourcecode.swift; path = "XCTestCase+FailableDeleteFeedStoreSpecs.swift"; sourceTree = "<group>"; };
		01C1D4A229102FF40087336B /* XCTestCase+FailableRetrieveFeedStoreSpecs.swift */ = {isa = PBXFileReference; lastKnownFileType = sourcecode.swift; path = "XCTestCase+FailableRetrieveFeedStoreSpecs.swift"; sourceTree = "<group>"; };
		01C1D4A429102FFE0087336B /* XCTestCase+FailableInsertFeedStoreSpecs.swift */ = {isa = PBXFileReference; lastKnownFileType = sourcecode.swift; path = "XCTestCase+FailableInsertFeedStoreSpecs.swift"; sourceTree = "<group>"; };
		01C1D4AB291032F70087336B /* CoreDataFeedStoreTests.swift */ = {isa = PBXFileReference; lastKnownFileType = sourcecode.swift; path = CoreDataFeedStoreTests.swift; sourceTree = "<group>"; };
		01C1D4AF2910350B0087336B /* CoreDataFeedStore.swift */ = {isa = PBXFileReference; lastKnownFileType = sourcecode.swift; path = CoreDataFeedStore.swift; sourceTree = "<group>"; };
		01C1D4B2291038DF0087336B /* FeedStore.xcdatamodel */ = {isa = PBXFileReference; lastKnownFileType = wrapper.xcdatamodel; path = FeedStore.xcdatamodel; sourceTree = "<group>"; };
		01CC34E428F5E6C400CE3C72 /* HTTPClient.swift */ = {isa = PBXFileReference; lastKnownFileType = sourcecode.swift; path = HTTPClient.swift; sourceTree = "<group>"; };
		01CC34E628F5E71900CE3C72 /* FeedItemsMapper.swift */ = {isa = PBXFileReference; lastKnownFileType = sourcecode.swift; path = FeedItemsMapper.swift; sourceTree = "<group>"; };
		01CD9E7F292004EA007C85E0 /* EssentialFeediOS.framework */ = {isa = PBXFileReference; explicitFileType = wrapper.framework; includeInIndex = 0; path = EssentialFeediOS.framework; sourceTree = BUILT_PRODUCTS_DIR; };
		01CD9E86292004EA007C85E0 /* EssentialFeediOSTests.xctest */ = {isa = PBXFileReference; explicitFileType = wrapper.cfbundle; includeInIndex = 0; path = EssentialFeediOSTests.xctest; sourceTree = BUILT_PRODUCTS_DIR; };
		01DDD300294BBA0A00DC1217 /* en */ = {isa = PBXFileReference; lastKnownFileType = text.plist.strings; name = en; path = en.lproj/Feed.strings; sourceTree = "<group>"; };
		01DDD302294BBA0F00DC1217 /* it */ = {isa = PBXFileReference; lastKnownFileType = text.plist.strings; name = it; path = it.lproj/Feed.strings; sourceTree = "<group>"; };
		01DDD303294BBA1100DC1217 /* pt-BR */ = {isa = PBXFileReference; lastKnownFileType = text.plist.strings; name = "pt-BR"; path = "pt-BR.lproj/Feed.strings"; sourceTree = "<group>"; };
		01DDD305294BBBA200DC1217 /* FeedPresenter.swift */ = {isa = PBXFileReference; lastKnownFileType = sourcecode.swift; path = FeedPresenter.swift; sourceTree = "<group>"; };
		01DDD308294BBCF300DC1217 /* FeedLoadingViewModel.swift */ = {isa = PBXFileReference; lastKnownFileType = sourcecode.swift; path = FeedLoadingViewModel.swift; sourceTree = "<group>"; };
		01DDD30A294BBD0B00DC1217 /* FeedErrorViewModel.swift */ = {isa = PBXFileReference; lastKnownFileType = sourcecode.swift; path = FeedErrorViewModel.swift; sourceTree = "<group>"; };
		01DDD30C294BBD1E00DC1217 /* FeedViewModel.swift */ = {isa = PBXFileReference; lastKnownFileType = sourcecode.swift; path = FeedViewModel.swift; sourceTree = "<group>"; };
		01DDD30F294BC52900DC1217 /* FeedImagePresenterTests.swift */ = {isa = PBXFileReference; lastKnownFileType = sourcecode.swift; path = FeedImagePresenterTests.swift; sourceTree = "<group>"; };
		01DFA13129092B40003305CA /* LoadFeedFromCacheUseCaseTests.swift */ = {isa = PBXFileReference; lastKnownFileType = sourcecode.swift; path = LoadFeedFromCacheUseCaseTests.swift; sourceTree = "<group>"; };
		01DFA13429092C1C003305CA /* FeedStoreSpy.swift */ = {isa = PBXFileReference; lastKnownFileType = sourcecode.swift; path = FeedStoreSpy.swift; sourceTree = "<group>"; };
		01DFA1362909476A003305CA /* ValidateFeedCacheUseCaseTests.swift */ = {isa = PBXFileReference; lastKnownFileType = sourcecode.swift; path = ValidateFeedCacheUseCaseTests.swift; sourceTree = "<group>"; };
		01DFA13829094ABC003305CA /* FeedCacheTestHelpers.swift */ = {isa = PBXFileReference; lastKnownFileType = sourcecode.swift; path = FeedCacheTestHelpers.swift; sourceTree = "<group>"; };
		01DFA13A29094B5F003305CA /* SharedTestHelpers.swift */ = {isa = PBXFileReference; lastKnownFileType = sourcecode.swift; path = SharedTestHelpers.swift; sourceTree = "<group>"; };
		01F1B98628FDCA660077AD33 /* EssentialFeedAPIEndToEndTests.xctest */ = {isa = PBXFileReference; explicitFileType = wrapper.cfbundle; includeInIndex = 0; path = EssentialFeedAPIEndToEndTests.xctest; sourceTree = BUILT_PRODUCTS_DIR; };
		01F1B98828FDCA660077AD33 /* EssentialFeedAPIEndToEndTests.swift */ = {isa = PBXFileReference; lastKnownFileType = sourcecode.swift; path = EssentialFeedAPIEndToEndTests.swift; sourceTree = "<group>"; };
		01F9F5B32929332200CB6964 /* FeedImageDataLoader.swift */ = {isa = PBXFileReference; lastKnownFileType = sourcecode.swift; path = FeedImageDataLoader.swift; sourceTree = "<group>"; };
		01F9F5B92929341100CB6964 /* UIButton+TestHelpers.swift */ = {isa = PBXFileReference; lastKnownFileType = sourcecode.swift; path = "UIButton+TestHelpers.swift"; sourceTree = "<group>"; };
		01F9F5BB2929344600CB6964 /* UIControl+TestHelpers.swift */ = {isa = PBXFileReference; lastKnownFileType = sourcecode.swift; path = "UIControl+TestHelpers.swift"; sourceTree = "<group>"; };
		01F9F5BD2929349D00CB6964 /* UIImage+TestHelpers.swift */ = {isa = PBXFileReference; lastKnownFileType = sourcecode.swift; path = "UIImage+TestHelpers.swift"; sourceTree = "<group>"; };
		01F9F5BF292934C100CB6964 /* UIRefreshControl+TestHelpers.swift */ = {isa = PBXFileReference; lastKnownFileType = sourcecode.swift; path = "UIRefreshControl+TestHelpers.swift"; sourceTree = "<group>"; };
		01F9F5C2292934F600CB6964 /* FeedImageCell+TestHelpers.swift */ = {isa = PBXFileReference; lastKnownFileType = sourcecode.swift; path = "FeedImageCell+TestHelpers.swift"; sourceTree = "<group>"; };
		01F9F5C42929354D00CB6964 /* FeedViewController+TestHelpers.swift */ = {isa = PBXFileReference; lastKnownFileType = sourcecode.swift; path = "FeedViewController+TestHelpers.swift"; sourceTree = "<group>"; };
		01F9F5C62929358500CB6964 /* FeedViewControllerTests+Assertions.swift */ = {isa = PBXFileReference; lastKnownFileType = sourcecode.swift; path = "FeedViewControllerTests+Assertions.swift"; sourceTree = "<group>"; };
		01F9F5C82929359300CB6964 /* FeedViewControllerTests+LoaderSpy.swift */ = {isa = PBXFileReference; lastKnownFileType = sourcecode.swift; path = "FeedViewControllerTests+LoaderSpy.swift"; sourceTree = "<group>"; };
		01F9F5CC29293CF100CB6964 /* FeedImageCellController.swift */ = {isa = PBXFileReference; lastKnownFileType = sourcecode.swift; path = FeedImageCellController.swift; sourceTree = "<group>"; };
		01F9F5CF2929406E00CB6964 /* FeedUIComposer.swift */ = {isa = PBXFileReference; lastKnownFileType = sourcecode.swift; path = FeedUIComposer.swift; sourceTree = "<group>"; };
		01F9F5D429294B0500CB6964 /* FeedImageViewModel.swift */ = {isa = PBXFileReference; lastKnownFileType = sourcecode.swift; path = FeedImageViewModel.swift; sourceTree = "<group>"; };
		01FF5FD1292D7BAA001FFC46 /* MainQueueDispatchDecorator.swift */ = {isa = PBXFileReference; lastKnownFileType = sourcecode.swift; path = MainQueueDispatchDecorator.swift; sourceTree = "<group>"; };
		01FF5FD3292D7C0B001FFC46 /* WeakRefVirtualProxy.swift */ = {isa = PBXFileReference; lastKnownFileType = sourcecode.swift; path = WeakRefVirtualProxy.swift; sourceTree = "<group>"; };
		01FF5FD5292D7C54001FFC46 /* FeedViewAdapter.swift */ = {isa = PBXFileReference; lastKnownFileType = sourcecode.swift; path = FeedViewAdapter.swift; sourceTree = "<group>"; };
		01FF5FD7292D7CAA001FFC46 /* FeedLoaderPresentationAdapter.swift */ = {isa = PBXFileReference; lastKnownFileType = sourcecode.swift; path = FeedLoaderPresentationAdapter.swift; sourceTree = "<group>"; };
		01FF5FD9292D7CF1001FFC46 /* FeedImageDataLoaderPresentationAdapter.swift */ = {isa = PBXFileReference; lastKnownFileType = sourcecode.swift; path = FeedImageDataLoaderPresentationAdapter.swift; sourceTree = "<group>"; };
		080EDEF121B6DA7E00813479 /* EssentialFeed.framework */ = {isa = PBXFileReference; explicitFileType = wrapper.framework; includeInIndex = 0; path = EssentialFeed.framework; sourceTree = BUILT_PRODUCTS_DIR; };
		080EDEF521B6DA7E00813479 /* Info.plist */ = {isa = PBXFileReference; lastKnownFileType = text.plist.xml; path = Info.plist; sourceTree = "<group>"; };
		080EDEFA21B6DA7E00813479 /* EssentialFeedTests.xctest */ = {isa = PBXFileReference; explicitFileType = wrapper.cfbundle; includeInIndex = 0; path = EssentialFeedTests.xctest; sourceTree = BUILT_PRODUCTS_DIR; };
		080EDF0121B6DA7E00813479 /* Info.plist */ = {isa = PBXFileReference; lastKnownFileType = text.plist.xml; path = Info.plist; sourceTree = "<group>"; };
		080EDF0B21B6DAE800813479 /* FeedImage.swift */ = {isa = PBXFileReference; lastKnownFileType = sourcecode.swift; path = FeedImage.swift; sourceTree = "<group>"; };
		080EDF0D21B6DCB600813479 /* FeedLoader.swift */ = {isa = PBXFileReference; lastKnownFileType = sourcecode.swift; path = FeedLoader.swift; sourceTree = "<group>"; };
/* End PBXFileReference section */

/* Begin PBXFrameworksBuildPhase section */
		019F767A2912EC8500AB542A /* Frameworks */ = {
			isa = PBXFrameworksBuildPhase;
			buildActionMask = 2147483647;
			files = (
				019F76812912EC8500AB542A /* EssentialFeed.framework in Frameworks */,
			);
			runOnlyForDeploymentPostprocessing = 0;
		};
		01CD9E7C292004EA007C85E0 /* Frameworks */ = {
			isa = PBXFrameworksBuildPhase;
			buildActionMask = 2147483647;
			files = (
				01B86509292078C50030A372 /* EssentialFeed.framework in Frameworks */,
			);
			runOnlyForDeploymentPostprocessing = 0;
		};
		01CD9E83292004EA007C85E0 /* Frameworks */ = {
			isa = PBXFrameworksBuildPhase;
			buildActionMask = 2147483647;
			files = (
				01CD9E87292004EA007C85E0 /* EssentialFeediOS.framework in Frameworks */,
			);
			runOnlyForDeploymentPostprocessing = 0;
		};
		01F1B98328FDCA660077AD33 /* Frameworks */ = {
			isa = PBXFrameworksBuildPhase;
			buildActionMask = 2147483647;
			files = (
				01F1B98A28FDCA660077AD33 /* EssentialFeed.framework in Frameworks */,
			);
			runOnlyForDeploymentPostprocessing = 0;
		};
		080EDEEE21B6DA7E00813479 /* Frameworks */ = {
			isa = PBXFrameworksBuildPhase;
			buildActionMask = 2147483647;
			files = (
			);
			runOnlyForDeploymentPostprocessing = 0;
		};
		080EDEF721B6DA7E00813479 /* Frameworks */ = {
			isa = PBXFrameworksBuildPhase;
			buildActionMask = 2147483647;
			files = (
				080EDEFB21B6DA7E00813479 /* EssentialFeed.framework in Frameworks */,
			);
			runOnlyForDeploymentPostprocessing = 0;
		};
/* End PBXFrameworksBuildPhase section */

/* Begin PBXGroup section */
		0100E99B2954779F00EC2C1C /* Feed Presenter */ = {
			isa = PBXGroup;
			children = (
				01DDD305294BBBA200DC1217 /* FeedPresenter.swift */,
				01DDD30C294BBD1E00DC1217 /* FeedViewModel.swift */,
				01DDD30A294BBD0B00DC1217 /* FeedErrorViewModel.swift */,
				01DDD308294BBCF300DC1217 /* FeedLoadingViewModel.swift */,
			);
			path = "Feed Presenter";
			sourceTree = "<group>";
		};
		0100E99C295477B200EC2C1C /* Feed Image Presenter */ = {
			isa = PBXGroup;
			children = (
				01F9F5D429294B0500CB6964 /* FeedImageViewModel.swift */,
				019FF117292BA0A50030EEB9 /* FeedImagePresenter.swift */,
			);
			path = "Feed Image Presenter";
			sourceTree = "<group>";
		};
		0100E9A22954BF5600EC2C1C /* Helpers */ = {
			isa = PBXGroup;
			children = (
				0100E9A32954BF6200EC2C1C /* HTTPClientSpy.swift */,
				0116F2A82971801500A67BD7 /* URLProtocolStub.swift */,
			);
			path = Helpers;
			sourceTree = "<group>";
		};
		0116F2A529717F3700A67BD7 /* Helpers */ = {
			isa = PBXGroup;
			children = (
				0116F2A629717F6800A67BD7 /* HTTPURLResponse+StatusCode.swift */,
			);
			path = Helpers;
			sourceTree = "<group>";
		};
		01245EB028F73EBB00CA76C8 /* Feed API */ = {
			isa = PBXGroup;
			children = (
				0100E9A22954BF5600EC2C1C /* Helpers */,
				01A81D1E28EF61C40033EC7D /* LoadFeedFromRemoteUseCaseTests.swift */,
				01C0887A28F8CF06005B8B89 /* URLSessionHTTPClientTests.swift */,
				0100E9A0295499E100EC2C1C /* LoadFeedImageDataFromRemoteUseCaseTests.swift */,
			);
			path = "Feed API";
			sourceTree = "<group>";
		};
		014AF76D2907F7B700B4FA01 /* Feed Cache */ = {
			isa = PBXGroup;
			children = (
				01C1D4A6291031D40087336B /* FeedStoreSpecs */,
				01DFA13329092C0F003305CA /* Helpers */,
				014AF76E2907F7D700B4FA01 /* CacheFeedUseCaseTests.swift */,
				01C1D4AB291032F70087336B /* CoreDataFeedStoreTests.swift */,
				01DFA1362909476A003305CA /* ValidateFeedCacheUseCaseTests.swift */,
				01DFA13129092B40003305CA /* LoadFeedFromCacheUseCaseTests.swift */,
				0116F2AA297181FF00A67BD7 /* LoadFeedImageDataFromCacheUseCaseTests.swift */,
			);
			path = "Feed Cache";
			sourceTree = "<group>";
		};
		014AF77029082D7400B4FA01 /* Feed Cache */ = {
			isa = PBXGroup;
			children = (
				019F76702912E6BE00AB542A /* Infrastructure */,
				0151213F290BE01E00B706BD /* FeedCachePolicy.swift */,
				014AF77329082DD700B4FA01 /* FeedStore.swift */,
				014AF7772908360100B4FA01 /* LocalFeedImage.swift */,
				014AF77129082D7F00B4FA01 /* LocalFeedLoader.swift */,
				019D83182980562000AD9F24 /* FeedImageDataStore.swift */,
				019D831A2980565800AD9F24 /* LocalFeedImageDataLoader.swift */,
			);
			path = "Feed Cache";
			sourceTree = "<group>";
		};
		0176D88628F1AC4B00B3379A /* Feed API */ = {
			isa = PBXGroup;
			children = (
				0116F2A529717F3700A67BD7 /* Helpers */,
				0176D88728F1AC6E00B3379A /* RemoteFeedLoader.swift */,
				01CC34E628F5E71900CE3C72 /* FeedItemsMapper.swift */,
				01CC34E428F5E6C400CE3C72 /* HTTPClient.swift */,
				019A3B7F28FDBD7900A9D508 /* URLSessionHTTPClient.swift */,
				014AF775290835DA00B4FA01 /* RemoteFeedItem.swift */,
				0100E9A52954C02A00EC2C1C /* RemoteFeedImageDataLoader.swift */,
			);
			path = "Feed API";
			sourceTree = "<group>";
		};
		0193B2C6294742FA004739F0 /* Feed Presentation */ = {
			isa = PBXGroup;
			children = (
				019FF12F292BE03F0030EEB9 /* FeedLocalizationTests.swift */,
				0193B2C72947430C004739F0 /* FeedPresenterTests.swift */,
				01DDD30F294BC52900DC1217 /* FeedImagePresenterTests.swift */,
			);
			path = "Feed Presentation";
			sourceTree = "<group>";
		};
		0193B2CB2947517E004739F0 /* Helpers */ = {
			isa = PBXGroup;
			children = (
				019FF123292BD5230030EEB9 /* UIImageView+Animations.swift */,
				012AFD7C2926F4040079827A /* UIView+Shimmering.swift */,
				019FF121292BD42E0030EEB9 /* UITableView+Dequeueing.swift */,
				0193B2CE294751F9004739F0 /* UIRefreshControl+Helpers.swift */,
			);
			path = Helpers;
			sourceTree = "<group>";
		};
		019CE21428FDA81100F4C88E /* Helpers */ = {
			isa = PBXGroup;
			children = (
				019CE21528FDA84600F4C88E /* XCTestCase+MemoryLeakTracking.swift */,
				01DFA13A29094B5F003305CA /* SharedTestHelpers.swift */,
			);
			path = Helpers;
			sourceTree = "<group>";
		};
		019F76702912E6BE00AB542A /* Infrastructure */ = {
			isa = PBXGroup;
			children = (
				019F76712912E6C300AB542A /* CoreData */,
			);
			path = Infrastructure;
			sourceTree = "<group>";
		};
		019F76712912E6C300AB542A /* CoreData */ = {
			isa = PBXGroup;
			children = (
				01C1D4AF2910350B0087336B /* CoreDataFeedStore.swift */,
				019F76732912E75C00AB542A /* CoreDataHelpers.swift */,
				019F76752912E7D100AB542A /* ManagedCache.swift */,
				019F76772912E7DC00AB542A /* ManagedFeedImage.swift */,
				01C1D4B1291038DF0087336B /* FeedStore.xcdatamodeld */,
			);
			path = CoreData;
			sourceTree = "<group>";
		};
		019F767E2912EC8500AB542A /* EssentialFeedCacheIntegrationTests */ = {
			isa = PBXGroup;
			children = (
				019F767F2912EC8500AB542A /* EssentialFeedCacheIntegrationTests.swift */,
			);
			path = EssentialFeedCacheIntegrationTests;
			sourceTree = "<group>";
		};
		01B86508292078C50030A372 /* Frameworks */ = {
			isa = PBXGroup;
			children = (
			);
			name = Frameworks;
			sourceTree = "<group>";
		};
		01C1D4A6291031D40087336B /* FeedStoreSpecs */ = {
			isa = PBXGroup;
			children = (
				01C1D49C2910263B0087336B /* FeedStoreSpecs.swift */,
				01C1D49E2910270C0087336B /* XCTestCase+FeedStoreSpecs.swift */,
				01C1D4A029102EDD0087336B /* XCTestCase+FailableDeleteFeedStoreSpecs.swift */,
				01C1D4A229102FF40087336B /* XCTestCase+FailableRetrieveFeedStoreSpecs.swift */,
				01C1D4A429102FFE0087336B /* XCTestCase+FailableInsertFeedStoreSpecs.swift */,
			);
			path = FeedStoreSpecs;
			sourceTree = "<group>";
		};
		01CD9E80292004EA007C85E0 /* EssentialFeediOS */ = {
			isa = PBXGroup;
			children = (
				01F9F5B52929334F00CB6964 /* Feed UI */,
			);
			path = EssentialFeediOS;
			sourceTree = "<group>";
		};
		01CD9E8A292004EA007C85E0 /* EssentialFeediOSTests */ = {
			isa = PBXGroup;
			children = (
				01F9F5B0292932D600CB6964 /* Feed UI */,
			);
			path = EssentialFeediOSTests;
			sourceTree = "<group>";
		};
		01DDD304294BBB8F00DC1217 /* Feed Presentation */ = {
			isa = PBXGroup;
			children = (
				0100E99C295477B200EC2C1C /* Feed Image Presenter */,
				0100E99B2954779F00EC2C1C /* Feed Presenter */,
				01DDD301294BBA0A00DC1217 /* Feed.strings */,
			);
			path = "Feed Presentation";
			sourceTree = "<group>";
		};
		01DFA13329092C0F003305CA /* Helpers */ = {
			isa = PBXGroup;
			children = (
				01DFA13429092C1C003305CA /* FeedStoreSpy.swift */,
				019D831D2980589000AD9F24 /* FeedImageDataStoreSpy.swift */,
				01DFA13829094ABC003305CA /* FeedCacheTestHelpers.swift */,
			);
			path = Helpers;
			sourceTree = "<group>";
		};
		01F1B98728FDCA660077AD33 /* EssentialFeedAPIEndToEndTests */ = {
			isa = PBXGroup;
			children = (
				01F1B98828FDCA660077AD33 /* EssentialFeedAPIEndToEndTests.swift */,
				018A663E28FDCD0100AC3D41 /* FeedItemSample.swift */,
			);
			path = EssentialFeedAPIEndToEndTests;
			sourceTree = "<group>";
		};
		01F9F5B0292932D600CB6964 /* Feed UI */ = {
			isa = PBXGroup;
			children = (
				01F9F5C1292934EB00CB6964 /* Helpers */,
				01B86506292078660030A372 /* FeedUIIntegrationTests.swift */,
			);
			path = "Feed UI";
			sourceTree = "<group>";
		};
		01F9F5B52929334F00CB6964 /* Feed UI */ = {
			isa = PBXGroup;
			children = (
				01F9F5CE2929406500CB6964 /* Composers */,
				01F9F5B62929335500CB6964 /* Controllers */,
				01F9F5B72929336200CB6964 /* Views */,
			);
			path = "Feed UI";
			sourceTree = "<group>";
		};
		01F9F5B62929335500CB6964 /* Controllers */ = {
			isa = PBXGroup;
			children = (
				01B8650F2920833A0030A372 /* FeedViewController.swift */,
				01F9F5CC29293CF100CB6964 /* FeedImageCellController.swift */,
			);
			path = Controllers;
			sourceTree = "<group>";
		};
		01F9F5B72929336200CB6964 /* Views */ = {
			isa = PBXGroup;
			children = (
				0193B2CB2947517E004739F0 /* Helpers */,
				012AFD7A2926E3810079827A /* FeedImageCell.swift */,
				019FF11F292BC4990030EEB9 /* Feed.storyboard */,
				0193B2C929474F54004739F0 /* ErrorView.swift */,
			);
			path = Views;
			sourceTree = "<group>";
		};
		01F9F5C1292934EB00CB6964 /* Helpers */ = {
			isa = PBXGroup;
			children = (
				01F9F5B92929341100CB6964 /* UIButton+TestHelpers.swift */,
				01F9F5BB2929344600CB6964 /* UIControl+TestHelpers.swift */,
				01F9F5BD2929349D00CB6964 /* UIImage+TestHelpers.swift */,
				01F9F5BF292934C100CB6964 /* UIRefreshControl+TestHelpers.swift */,
				01F9F5C2292934F600CB6964 /* FeedImageCell+TestHelpers.swift */,
				01F9F5C42929354D00CB6964 /* FeedViewController+TestHelpers.swift */,
				01F9F5C62929358500CB6964 /* FeedViewControllerTests+Assertions.swift */,
				01F9F5C82929359300CB6964 /* FeedViewControllerTests+LoaderSpy.swift */,
				019FF127292BDE110030EEB9 /* FeedViewControllerTests+Localization.swift */,
			);
			path = Helpers;
			sourceTree = "<group>";
		};
		01F9F5CE2929406500CB6964 /* Composers */ = {
			isa = PBXGroup;
			children = (
				01F9F5CF2929406E00CB6964 /* FeedUIComposer.swift */,
				01FF5FD1292D7BAA001FFC46 /* MainQueueDispatchDecorator.swift */,
				01FF5FD3292D7C0B001FFC46 /* WeakRefVirtualProxy.swift */,
				01FF5FD5292D7C54001FFC46 /* FeedViewAdapter.swift */,
				01FF5FD7292D7CAA001FFC46 /* FeedLoaderPresentationAdapter.swift */,
				01FF5FD9292D7CF1001FFC46 /* FeedImageDataLoaderPresentationAdapter.swift */,
			);
			path = Composers;
			sourceTree = "<group>";
		};
		080EDEE721B6DA7E00813479 = {
			isa = PBXGroup;
			children = (
				080EDEF321B6DA7E00813479 /* EssentialFeed */,
				01CD9E80292004EA007C85E0 /* EssentialFeediOS */,
				080EDEFE21B6DA7E00813479 /* EssentialFeedTests */,
				01F1B98728FDCA660077AD33 /* EssentialFeedAPIEndToEndTests */,
				019F767E2912EC8500AB542A /* EssentialFeedCacheIntegrationTests */,
				01CD9E8A292004EA007C85E0 /* EssentialFeediOSTests */,
				080EDEF221B6DA7E00813479 /* Products */,
				01B86508292078C50030A372 /* Frameworks */,
			);
			sourceTree = "<group>";
		};
		080EDEF221B6DA7E00813479 /* Products */ = {
			isa = PBXGroup;
			children = (
				080EDEF121B6DA7E00813479 /* EssentialFeed.framework */,
				080EDEFA21B6DA7E00813479 /* EssentialFeedTests.xctest */,
				01F1B98628FDCA660077AD33 /* EssentialFeedAPIEndToEndTests.xctest */,
				019F767D2912EC8500AB542A /* EssentialFeedCacheIntegrationTests.xctest */,
				01CD9E7F292004EA007C85E0 /* EssentialFeediOS.framework */,
				01CD9E86292004EA007C85E0 /* EssentialFeediOSTests.xctest */,
			);
			name = Products;
			sourceTree = "<group>";
		};
		080EDEF321B6DA7E00813479 /* EssentialFeed */ = {
			isa = PBXGroup;
			children = (
				080EDEF521B6DA7E00813479 /* Info.plist */,
				014AF77029082D7400B4FA01 /* Feed Cache */,
				080EDF1021B6DFA200813479 /* Feed Feature */,
				0176D88628F1AC4B00B3379A /* Feed API */,
				01DDD304294BBB8F00DC1217 /* Feed Presentation */,
			);
			path = EssentialFeed;
			sourceTree = "<group>";
		};
		080EDEFE21B6DA7E00813479 /* EssentialFeedTests */ = {
			isa = PBXGroup;
			children = (
				080EDF0121B6DA7E00813479 /* Info.plist */,
				0193B2C6294742FA004739F0 /* Feed Presentation */,
				019CE21428FDA81100F4C88E /* Helpers */,
				014AF76D2907F7B700B4FA01 /* Feed Cache */,
				01245EB028F73EBB00CA76C8 /* Feed API */,
			);
			path = EssentialFeedTests;
			sourceTree = "<group>";
		};
		080EDF1021B6DFA200813479 /* Feed Feature */ = {
			isa = PBXGroup;
			children = (
				01F9F5B32929332200CB6964 /* FeedImageDataLoader.swift */,
				080EDF0B21B6DAE800813479 /* FeedImage.swift */,
				080EDF0D21B6DCB600813479 /* FeedLoader.swift */,
			);
			path = "Feed Feature";
			sourceTree = "<group>";
		};
/* End PBXGroup section */

/* Begin PBXHeadersBuildPhase section */
		01CD9E7A292004EA007C85E0 /* Headers */ = {
			isa = PBXHeadersBuildPhase;
			buildActionMask = 2147483647;
			files = (
			);
			runOnlyForDeploymentPostprocessing = 0;
		};
		080EDEEC21B6DA7E00813479 /* Headers */ = {
			isa = PBXHeadersBuildPhase;
			buildActionMask = 2147483647;
			files = (
			);
			runOnlyForDeploymentPostprocessing = 0;
		};
/* End PBXHeadersBuildPhase section */

/* Begin PBXNativeTarget section */
		019F767C2912EC8500AB542A /* EssentialFeedCacheIntegrationTests */ = {
			isa = PBXNativeTarget;
			buildConfigurationList = 019F76842912EC8500AB542A /* Build configuration list for PBXNativeTarget "EssentialFeedCacheIntegrationTests" */;
			buildPhases = (
				019F76792912EC8500AB542A /* Sources */,
				019F767A2912EC8500AB542A /* Frameworks */,
				019F767B2912EC8500AB542A /* Resources */,
			);
			buildRules = (
			);
			dependencies = (
				019F76832912EC8500AB542A /* PBXTargetDependency */,
			);
			name = EssentialFeedCacheIntegrationTests;
			productName = EssentialFeedCacheIntegrationTests;
			productReference = 019F767D2912EC8500AB542A /* EssentialFeedCacheIntegrationTests.xctest */;
			productType = "com.apple.product-type.bundle.unit-test";
		};
		01CD9E7E292004EA007C85E0 /* EssentialFeediOS */ = {
			isa = PBXNativeTarget;
			buildConfigurationList = 01CD9E8E292004EA007C85E0 /* Build configuration list for PBXNativeTarget "EssentialFeediOS" */;
			buildPhases = (
				01CD9E7A292004EA007C85E0 /* Headers */,
				01CD9E7B292004EA007C85E0 /* Sources */,
				01CD9E7C292004EA007C85E0 /* Frameworks */,
				01CD9E7D292004EA007C85E0 /* Resources */,
				01B8650D292078C50030A372 /* Embed Frameworks */,
			);
			buildRules = (
			);
			dependencies = (
				01B8650C292078C50030A372 /* PBXTargetDependency */,
			);
			name = EssentialFeediOS;
			productName = EssentialFeediOS;
			productReference = 01CD9E7F292004EA007C85E0 /* EssentialFeediOS.framework */;
			productType = "com.apple.product-type.framework";
		};
		01CD9E85292004EA007C85E0 /* EssentialFeediOSTests */ = {
			isa = PBXNativeTarget;
			buildConfigurationList = 01CD9E91292004EA007C85E0 /* Build configuration list for PBXNativeTarget "EssentialFeediOSTests" */;
			buildPhases = (
				01CD9E82292004EA007C85E0 /* Sources */,
				01CD9E83292004EA007C85E0 /* Frameworks */,
				01CD9E84292004EA007C85E0 /* Resources */,
			);
			buildRules = (
			);
			dependencies = (
				01CD9E89292004EA007C85E0 /* PBXTargetDependency */,
			);
			name = EssentialFeediOSTests;
			productName = EssentialFeediOSTests;
			productReference = 01CD9E86292004EA007C85E0 /* EssentialFeediOSTests.xctest */;
			productType = "com.apple.product-type.bundle.unit-test";
		};
		01F1B98528FDCA660077AD33 /* EssentialFeedAPIEndToEndTests */ = {
			isa = PBXNativeTarget;
			buildConfigurationList = 01F1B98D28FDCA660077AD33 /* Build configuration list for PBXNativeTarget "EssentialFeedAPIEndToEndTests" */;
			buildPhases = (
				01F1B98228FDCA660077AD33 /* Sources */,
				01F1B98328FDCA660077AD33 /* Frameworks */,
				01F1B98428FDCA660077AD33 /* Resources */,
			);
			buildRules = (
			);
			dependencies = (
				01F1B98C28FDCA660077AD33 /* PBXTargetDependency */,
			);
			name = EssentialFeedAPIEndToEndTests;
			productName = EssentialFeedAPIEndToEndTests;
			productReference = 01F1B98628FDCA660077AD33 /* EssentialFeedAPIEndToEndTests.xctest */;
			productType = "com.apple.product-type.bundle.unit-test";
		};
		080EDEF021B6DA7E00813479 /* EssentialFeed */ = {
			isa = PBXNativeTarget;
			buildConfigurationList = 080EDF0521B6DA7E00813479 /* Build configuration list for PBXNativeTarget "EssentialFeed" */;
			buildPhases = (
				080EDEEC21B6DA7E00813479 /* Headers */,
				080EDEED21B6DA7E00813479 /* Sources */,
				080EDEEE21B6DA7E00813479 /* Frameworks */,
				080EDEEF21B6DA7E00813479 /* Resources */,
			);
			buildRules = (
			);
			dependencies = (
			);
			name = EssentialFeed;
			productName = EssentialFeed;
			productReference = 080EDEF121B6DA7E00813479 /* EssentialFeed.framework */;
			productType = "com.apple.product-type.framework";
		};
		080EDEF921B6DA7E00813479 /* EssentialFeedTests */ = {
			isa = PBXNativeTarget;
			buildConfigurationList = 080EDF0821B6DA7E00813479 /* Build configuration list for PBXNativeTarget "EssentialFeedTests" */;
			buildPhases = (
				080EDEF621B6DA7E00813479 /* Sources */,
				080EDEF721B6DA7E00813479 /* Frameworks */,
				080EDEF821B6DA7E00813479 /* Resources */,
			);
			buildRules = (
			);
			dependencies = (
				080EDEFD21B6DA7E00813479 /* PBXTargetDependency */,
			);
			name = EssentialFeedTests;
			productName = EssentialFeedTests;
			productReference = 080EDEFA21B6DA7E00813479 /* EssentialFeedTests.xctest */;
			productType = "com.apple.product-type.bundle.unit-test";
		};
/* End PBXNativeTarget section */

/* Begin PBXProject section */
		080EDEE821B6DA7E00813479 /* Project object */ = {
			isa = PBXProject;
			attributes = {
				LastSwiftUpdateCheck = 1410;
				LastUpgradeCheck = 1400;
				ORGANIZATIONNAME = "Essential Developer";
				TargetAttributes = {
					019F767C2912EC8500AB542A = {
						CreatedOnToolsVersion = 14.0.1;
					};
					01CD9E7E292004EA007C85E0 = {
						CreatedOnToolsVersion = 14.1;
						LastSwiftMigration = 1410;
					};
					01CD9E85292004EA007C85E0 = {
						CreatedOnToolsVersion = 14.1;
						LastSwiftMigration = 1410;
					};
					01F1B98528FDCA660077AD33 = {
						CreatedOnToolsVersion = 14.0.1;
					};
					080EDEF021B6DA7E00813479 = {
						CreatedOnToolsVersion = 10.1;
						LastSwiftMigration = "";
					};
					080EDEF921B6DA7E00813479 = {
						CreatedOnToolsVersion = 10.1;
						LastSwiftMigration = "";
					};
				};
			};
			buildConfigurationList = 080EDEEB21B6DA7E00813479 /* Build configuration list for PBXProject "EssentialFeed" */;
			compatibilityVersion = "Xcode 9.3";
			developmentRegion = en;
			hasScannedForEncodings = 0;
			knownRegions = (
				en,
				Base,
				it,
				"pt-BR",
			);
			mainGroup = 080EDEE721B6DA7E00813479;
			productRefGroup = 080EDEF221B6DA7E00813479 /* Products */;
			projectDirPath = "";
			projectRoot = "";
			targets = (
				080EDEF021B6DA7E00813479 /* EssentialFeed */,
				01CD9E7E292004EA007C85E0 /* EssentialFeediOS */,
				080EDEF921B6DA7E00813479 /* EssentialFeedTests */,
				01F1B98528FDCA660077AD33 /* EssentialFeedAPIEndToEndTests */,
				019F767C2912EC8500AB542A /* EssentialFeedCacheIntegrationTests */,
				01CD9E85292004EA007C85E0 /* EssentialFeediOSTests */,
			);
		};
/* End PBXProject section */

/* Begin PBXResourcesBuildPhase section */
		019F767B2912EC8500AB542A /* Resources */ = {
			isa = PBXResourcesBuildPhase;
			buildActionMask = 2147483647;
			files = (
			);
			runOnlyForDeploymentPostprocessing = 0;
		};
		01CD9E7D292004EA007C85E0 /* Resources */ = {
			isa = PBXResourcesBuildPhase;
			buildActionMask = 2147483647;
			files = (
				019FF120292BC4990030EEB9 /* Feed.storyboard in Resources */,
			);
			runOnlyForDeploymentPostprocessing = 0;
		};
		01CD9E84292004EA007C85E0 /* Resources */ = {
			isa = PBXResourcesBuildPhase;
			buildActionMask = 2147483647;
			files = (
			);
			runOnlyForDeploymentPostprocessing = 0;
		};
		01F1B98428FDCA660077AD33 /* Resources */ = {
			isa = PBXResourcesBuildPhase;
			buildActionMask = 2147483647;
			files = (
			);
			runOnlyForDeploymentPostprocessing = 0;
		};
		080EDEEF21B6DA7E00813479 /* Resources */ = {
			isa = PBXResourcesBuildPhase;
			buildActionMask = 2147483647;
			files = (
				01DDD307294BBCB600DC1217 /* Feed.strings in Resources */,
			);
			runOnlyForDeploymentPostprocessing = 0;
		};
		080EDEF821B6DA7E00813479 /* Resources */ = {
			isa = PBXResourcesBuildPhase;
			buildActionMask = 2147483647;
			files = (
			);
			runOnlyForDeploymentPostprocessing = 0;
		};
/* End PBXResourcesBuildPhase section */

/* Begin PBXSourcesBuildPhase section */
		019F76792912EC8500AB542A /* Sources */ = {
			isa = PBXSourcesBuildPhase;
			buildActionMask = 2147483647;
			files = (
				011EDAE32912F1FB007675DE /* SharedTestHelpers.swift in Sources */,
				019F76802912EC8500AB542A /* EssentialFeedCacheIntegrationTests.swift in Sources */,
				011EDAE22912F0C7007675DE /* FeedCacheTestHelpers.swift in Sources */,
				011EDAE12912EFAE007675DE /* XCTestCase+MemoryLeakTracking.swift in Sources */,
			);
			runOnlyForDeploymentPostprocessing = 0;
		};
		01CD9E7B292004EA007C85E0 /* Sources */ = {
			isa = PBXSourcesBuildPhase;
			buildActionMask = 2147483647;
			files = (
				01FF5FD6292D7C54001FFC46 /* FeedViewAdapter.swift in Sources */,
				0193B2CA29474F54004739F0 /* ErrorView.swift in Sources */,
				0193B2CF294751F9004739F0 /* UIRefreshControl+Helpers.swift in Sources */,
				012AFD7D2926F4040079827A /* UIView+Shimmering.swift in Sources */,
				019FF122292BD42E0030EEB9 /* UITableView+Dequeueing.swift in Sources */,
				01B865102920833A0030A372 /* FeedViewController.swift in Sources */,
				01FF5FDA292D7CF1001FFC46 /* FeedImageDataLoaderPresentationAdapter.swift in Sources */,
				01FF5FD8292D7CAA001FFC46 /* FeedLoaderPresentationAdapter.swift in Sources */,
				01FF5FD4292D7C0B001FFC46 /* WeakRefVirtualProxy.swift in Sources */,
				019FF124292BD5230030EEB9 /* UIImageView+Animations.swift in Sources */,
				01FF5FD2292D7BAA001FFC46 /* MainQueueDispatchDecorator.swift in Sources */,
				012AFD7B2926E3810079827A /* FeedImageCell.swift in Sources */,
				01F9F5CD29293CF100CB6964 /* FeedImageCellController.swift in Sources */,
				01F9F5D02929406E00CB6964 /* FeedUIComposer.swift in Sources */,
			);
			runOnlyForDeploymentPostprocessing = 0;
		};
		01CD9E82292004EA007C85E0 /* Sources */ = {
			isa = PBXSourcesBuildPhase;
			buildActionMask = 2147483647;
			files = (
				01F9F5C52929354D00CB6964 /* FeedViewController+TestHelpers.swift in Sources */,
				01B86507292078660030A372 /* FeedUIIntegrationTests.swift in Sources */,
				01F9F5C92929359300CB6964 /* FeedViewControllerTests+LoaderSpy.swift in Sources */,
				01F9F5C0292934C100CB6964 /* UIRefreshControl+TestHelpers.swift in Sources */,
				01F9F5C72929358500CB6964 /* FeedViewControllerTests+Assertions.swift in Sources */,
				01B8650E29207A250030A372 /* XCTestCase+MemoryLeakTracking.swift in Sources */,
				01F9F5BA2929341100CB6964 /* UIButton+TestHelpers.swift in Sources */,
				01F9F5BE2929349D00CB6964 /* UIImage+TestHelpers.swift in Sources */,
				01F9F5C3292934F600CB6964 /* FeedImageCell+TestHelpers.swift in Sources */,
				01F9F5BC2929344600CB6964 /* UIControl+TestHelpers.swift in Sources */,
				019FF128292BDE110030EEB9 /* FeedViewControllerTests+Localization.swift in Sources */,
			);
			runOnlyForDeploymentPostprocessing = 0;
		};
		01F1B98228FDCA660077AD33 /* Sources */ = {
			isa = PBXSourcesBuildPhase;
			buildActionMask = 2147483647;
			files = (
				018A663F28FDCD0100AC3D41 /* FeedItemSample.swift in Sources */,
				01F1B98928FDCA660077AD33 /* EssentialFeedAPIEndToEndTests.swift in Sources */,
				018A664028FDD0B600AC3D41 /* XCTestCase+MemoryLeakTracking.swift in Sources */,
			);
			runOnlyForDeploymentPostprocessing = 0;
		};
		080EDEED21B6DA7E00813479 /* Sources */ = {
			isa = PBXSourcesBuildPhase;
			buildActionMask = 2147483647;
			files = (
				019F76742912E75C00AB542A /* CoreDataHelpers.swift in Sources */,
				01CC34E728F5E71900CE3C72 /* FeedItemsMapper.swift in Sources */,
				080EDF0E21B6DCB600813479 /* FeedLoader.swift in Sources */,
				014AF776290835DA00B4FA01 /* RemoteFeedItem.swift in Sources */,
				0100E99E295477CF00EC2C1C /* FeedImageViewModel.swift in Sources */,
				01512140290BE01E00B706BD /* FeedCachePolicy.swift in Sources */,
				0100E9A62954C02A00EC2C1C /* RemoteFeedImageDataLoader.swift in Sources */,
				0176D88828F1AC6E00B3379A /* RemoteFeedLoader.swift in Sources */,
				01C1D4B3291038DF0087336B /* FeedStore.xcdatamodeld in Sources */,
				01DDD309294BBCF300DC1217 /* FeedLoadingViewModel.swift in Sources */,
				014AF7782908360100B4FA01 /* LocalFeedImage.swift in Sources */,
				014AF77429082DD700B4FA01 /* FeedStore.swift in Sources */,
				01DDD30D294BBD1E00DC1217 /* FeedViewModel.swift in Sources */,
				014AF77229082D7F00B4FA01 /* LocalFeedLoader.swift in Sources */,
				01CC34E528F5E6C400CE3C72 /* HTTPClient.swift in Sources */,
				019D83192980562000AD9F24 /* FeedImageDataStore.swift in Sources */,
				080EDF0C21B6DAE800813479 /* FeedImage.swift in Sources */,
				01DDD306294BBBA200DC1217 /* FeedPresenter.swift in Sources */,
				0116F2A729717F6800A67BD7 /* HTTPURLResponse+StatusCode.swift in Sources */,
				019A3B8028FDBD7900A9D508 /* URLSessionHTTPClient.swift in Sources */,
				019F76762912E7D100AB542A /* ManagedCache.swift in Sources */,
				01DDD30B294BBD0B00DC1217 /* FeedErrorViewModel.swift in Sources */,
				0100E99F2954990F00EC2C1C /* FeedImageDataLoader.swift in Sources */,
				01C1D4B02910350B0087336B /* CoreDataFeedStore.swift in Sources */,
				019D831B2980565800AD9F24 /* LocalFeedImageDataLoader.swift in Sources */,
				0100E99D295477CF00EC2C1C /* FeedImagePresenter.swift in Sources */,
				019F76782912E7DC00AB542A /* ManagedFeedImage.swift in Sources */,
			);
			runOnlyForDeploymentPostprocessing = 0;
		};
		080EDEF621B6DA7E00813479 /* Sources */ = {
			isa = PBXSourcesBuildPhase;
			buildActionMask = 2147483647;
			files = (
				01C1D4A129102EDD0087336B /* XCTestCase+FailableDeleteFeedStoreSpecs.swift in Sources */,
				0116F2A92971801500A67BD7 /* URLProtocolStub.swift in Sources */,
				01DFA13929094ABC003305CA /* FeedCacheTestHelpers.swift in Sources */,
				0193B2C82947430C004739F0 /* FeedPresenterTests.swift in Sources */,
				0100E9A1295499E100EC2C1C /* LoadFeedImageDataFromRemoteUseCaseTests.swift in Sources */,
				01C1D4A329102FF40087336B /* XCTestCase+FailableRetrieveFeedStoreSpecs.swift in Sources */,
				01DDD310294BC52900DC1217 /* FeedImagePresenterTests.swift in Sources */,
				01DFA1372909476A003305CA /* ValidateFeedCacheUseCaseTests.swift in Sources */,
				01DDD30E294BBEBE00DC1217 /* FeedLocalizationTests.swift in Sources */,
				01A81D1F28EF61C40033EC7D /* LoadFeedFromRemoteUseCaseTests.swift in Sources */,
				0116F2AB297181FF00A67BD7 /* LoadFeedImageDataFromCacheUseCaseTests.swift in Sources */,
				0100E9A42954BF6200EC2C1C /* HTTPClientSpy.swift in Sources */,
				01C0887B28F8CF06005B8B89 /* URLSessionHTTPClientTests.swift in Sources */,
				01DFA13529092C1C003305CA /* FeedStoreSpy.swift in Sources */,
				01DFA13B29094B5F003305CA /* SharedTestHelpers.swift in Sources */,
				019D831E2980589000AD9F24 /* FeedImageDataStoreSpy.swift in Sources */,
				014AF76F2907F7D700B4FA01 /* CacheFeedUseCaseTests.swift in Sources */,
				01DFA13229092B40003305CA /* LoadFeedFromCacheUseCaseTests.swift in Sources */,
				01C1D49D2910263B0087336B /* FeedStoreSpecs.swift in Sources */,
				019CE21628FDA84600F4C88E /* XCTestCase+MemoryLeakTracking.swift in Sources */,
				01C1D49F2910270C0087336B /* XCTestCase+FeedStoreSpecs.swift in Sources */,
				01C1D4AC291032F70087336B /* CoreDataFeedStoreTests.swift in Sources */,
				01C1D4A529102FFE0087336B /* XCTestCase+FailableInsertFeedStoreSpecs.swift in Sources */,
			);
			runOnlyForDeploymentPostprocessing = 0;
		};
/* End PBXSourcesBuildPhase section */

/* Begin PBXTargetDependency section */
		019F76832912EC8500AB542A /* PBXTargetDependency */ = {
			isa = PBXTargetDependency;
			target = 080EDEF021B6DA7E00813479 /* EssentialFeed */;
			targetProxy = 019F76822912EC8500AB542A /* PBXContainerItemProxy */;
		};
		01B8650C292078C50030A372 /* PBXTargetDependency */ = {
			isa = PBXTargetDependency;
			target = 080EDEF021B6DA7E00813479 /* EssentialFeed */;
			targetProxy = 01B8650B292078C50030A372 /* PBXContainerItemProxy */;
		};
		01CD9E89292004EA007C85E0 /* PBXTargetDependency */ = {
			isa = PBXTargetDependency;
			target = 01CD9E7E292004EA007C85E0 /* EssentialFeediOS */;
			targetProxy = 01CD9E88292004EA007C85E0 /* PBXContainerItemProxy */;
		};
		01F1B98C28FDCA660077AD33 /* PBXTargetDependency */ = {
			isa = PBXTargetDependency;
			target = 080EDEF021B6DA7E00813479 /* EssentialFeed */;
			targetProxy = 01F1B98B28FDCA660077AD33 /* PBXContainerItemProxy */;
		};
		080EDEFD21B6DA7E00813479 /* PBXTargetDependency */ = {
			isa = PBXTargetDependency;
			target = 080EDEF021B6DA7E00813479 /* EssentialFeed */;
			targetProxy = 080EDEFC21B6DA7E00813479 /* PBXContainerItemProxy */;
		};
/* End PBXTargetDependency section */

/* Begin PBXVariantGroup section */
		01DDD301294BBA0A00DC1217 /* Feed.strings */ = {
			isa = PBXVariantGroup;
			children = (
				01DDD300294BBA0A00DC1217 /* en */,
				01DDD302294BBA0F00DC1217 /* it */,
				01DDD303294BBA1100DC1217 /* pt-BR */,
			);
			name = Feed.strings;
			sourceTree = "<group>";
		};
/* End PBXVariantGroup section */

/* Begin XCBuildConfiguration section */
		019F76852912EC8500AB542A /* Debug */ = {
			isa = XCBuildConfiguration;
			buildSettings = {
				CLANG_CXX_LANGUAGE_STANDARD = "gnu++20";
				CODE_SIGN_STYLE = Automatic;
				CURRENT_PROJECT_VERSION = 1;
				DEVELOPMENT_TEAM = RD2JZ43A47;
				GENERATE_INFOPLIST_FILE = YES;
				MACOSX_DEPLOYMENT_TARGET = 11.4;
				MARKETING_VERSION = 1.0;
				PRODUCT_BUNDLE_IDENTIFIER = com.essentialdeveloper.EssentialFeedCacheIntegrationTests;
				PRODUCT_NAME = "$(TARGET_NAME)";
				SUPPORTED_PLATFORMS = "iphoneos iphonesimulator macosx";
				SUPPORTS_MACCATALYST = NO;
				SUPPORTS_MAC_DESIGNED_FOR_IPHONE_IPAD = NO;
				SWIFT_EMIT_LOC_STRINGS = NO;
				SWIFT_VERSION = 5.0;
				TARGETED_DEVICE_FAMILY = 1;
			};
			name = Debug;
		};
		019F76862912EC8500AB542A /* Release */ = {
			isa = XCBuildConfiguration;
			buildSettings = {
				CLANG_CXX_LANGUAGE_STANDARD = "gnu++20";
				CODE_SIGN_STYLE = Automatic;
				CURRENT_PROJECT_VERSION = 1;
				DEVELOPMENT_TEAM = RD2JZ43A47;
				GENERATE_INFOPLIST_FILE = YES;
				MACOSX_DEPLOYMENT_TARGET = 11.4;
				MARKETING_VERSION = 1.0;
				PRODUCT_BUNDLE_IDENTIFIER = com.essentialdeveloper.EssentialFeedCacheIntegrationTests;
				PRODUCT_NAME = "$(TARGET_NAME)";
				SUPPORTED_PLATFORMS = "iphoneos iphonesimulator macosx";
				SUPPORTS_MACCATALYST = NO;
				SUPPORTS_MAC_DESIGNED_FOR_IPHONE_IPAD = NO;
				SWIFT_EMIT_LOC_STRINGS = NO;
				SWIFT_VERSION = 5.0;
				TARGETED_DEVICE_FAMILY = 1;
			};
			name = Release;
		};
		01CD9E8F292004EA007C85E0 /* Debug */ = {
			isa = XCBuildConfiguration;
			buildSettings = {
				CLANG_CXX_LANGUAGE_STANDARD = "gnu++20";
				CLANG_ENABLE_MODULES = YES;
				CODE_SIGN_STYLE = Automatic;
				CURRENT_PROJECT_VERSION = 1;
				DEFINES_MODULE = YES;
				DEVELOPMENT_TEAM = S9QPEW3P9H;
				DYLIB_COMPATIBILITY_VERSION = 1;
				DYLIB_CURRENT_VERSION = 1;
				DYLIB_INSTALL_NAME_BASE = "@rpath";
				GENERATE_INFOPLIST_FILE = YES;
				INFOPLIST_KEY_NSHumanReadableCopyright = "Copyright © 2022 Essential Developer. All rights reserved.";
				INSTALL_PATH = "$(LOCAL_LIBRARY_DIR)/Frameworks";
				IPHONEOS_DEPLOYMENT_TARGET = 13.0;
				LD_RUNPATH_SEARCH_PATHS = (
					"$(inherited)",
					"@executable_path/Frameworks",
					"@loader_path/Frameworks",
				);
				MARKETING_VERSION = 1.0;
				PRODUCT_BUNDLE_IDENTIFIER = me.lorenzolimoli.EssentialFeediOS;
				PRODUCT_NAME = "$(TARGET_NAME:c99extidentifier)";
				SDKROOT = iphoneos;
				SKIP_INSTALL = YES;
				SUPPORTED_PLATFORMS = "iphoneos iphonesimulator";
				SUPPORTS_MACCATALYST = NO;
				SUPPORTS_MAC_DESIGNED_FOR_IPHONE_IPAD = NO;
				SWIFT_EMIT_LOC_STRINGS = YES;
				SWIFT_OPTIMIZATION_LEVEL = "-Onone";
				SWIFT_VERSION = 5.0;
				TARGETED_DEVICE_FAMILY = "1,2";
			};
			name = Debug;
		};
		01CD9E90292004EA007C85E0 /* Release */ = {
			isa = XCBuildConfiguration;
			buildSettings = {
				CLANG_CXX_LANGUAGE_STANDARD = "gnu++20";
				CLANG_ENABLE_MODULES = YES;
				CODE_SIGN_STYLE = Automatic;
				CURRENT_PROJECT_VERSION = 1;
				DEFINES_MODULE = YES;
				DEVELOPMENT_TEAM = S9QPEW3P9H;
				DYLIB_COMPATIBILITY_VERSION = 1;
				DYLIB_CURRENT_VERSION = 1;
				DYLIB_INSTALL_NAME_BASE = "@rpath";
				GENERATE_INFOPLIST_FILE = YES;
				INFOPLIST_KEY_NSHumanReadableCopyright = "Copyright © 2022 Essential Developer. All rights reserved.";
				INSTALL_PATH = "$(LOCAL_LIBRARY_DIR)/Frameworks";
				IPHONEOS_DEPLOYMENT_TARGET = 13.0;
				LD_RUNPATH_SEARCH_PATHS = (
					"$(inherited)",
					"@executable_path/Frameworks",
					"@loader_path/Frameworks",
				);
				MARKETING_VERSION = 1.0;
				PRODUCT_BUNDLE_IDENTIFIER = me.lorenzolimoli.EssentialFeediOS;
				PRODUCT_NAME = "$(TARGET_NAME:c99extidentifier)";
				SDKROOT = iphoneos;
				SKIP_INSTALL = YES;
				SUPPORTED_PLATFORMS = "iphoneos iphonesimulator";
				SUPPORTS_MACCATALYST = NO;
				SUPPORTS_MAC_DESIGNED_FOR_IPHONE_IPAD = NO;
				SWIFT_EMIT_LOC_STRINGS = YES;
				SWIFT_VERSION = 5.0;
				TARGETED_DEVICE_FAMILY = "1,2";
				VALIDATE_PRODUCT = YES;
			};
			name = Release;
		};
		01CD9E92292004EA007C85E0 /* Debug */ = {
			isa = XCBuildConfiguration;
			buildSettings = {
				ALWAYS_EMBED_SWIFT_STANDARD_LIBRARIES = YES;
				CLANG_CXX_LANGUAGE_STANDARD = "gnu++20";
				CLANG_ENABLE_MODULES = YES;
				CODE_SIGN_STYLE = Automatic;
				CURRENT_PROJECT_VERSION = 1;
				DEVELOPMENT_TEAM = S9QPEW3P9H;
				GENERATE_INFOPLIST_FILE = YES;
				IPHONEOS_DEPLOYMENT_TARGET = 13.0;
				LD_RUNPATH_SEARCH_PATHS = (
					"$(inherited)",
					"@executable_path/Frameworks",
					"@loader_path/Frameworks",
				);
				MARKETING_VERSION = 1.0;
				PRODUCT_BUNDLE_IDENTIFIER = me.lorenzolimoli.EssentialFeediOSTests;
				PRODUCT_NAME = "$(TARGET_NAME)";
				SDKROOT = iphoneos;
				SUPPORTED_PLATFORMS = "iphoneos iphonesimulator";
				SUPPORTS_MACCATALYST = NO;
				SUPPORTS_MAC_DESIGNED_FOR_IPHONE_IPAD = NO;
				SWIFT_EMIT_LOC_STRINGS = NO;
				SWIFT_OPTIMIZATION_LEVEL = "-Onone";
				SWIFT_VERSION = 5.0;
				TARGETED_DEVICE_FAMILY = "1,2";
			};
			name = Debug;
		};
		01CD9E93292004EA007C85E0 /* Release */ = {
			isa = XCBuildConfiguration;
			buildSettings = {
				ALWAYS_EMBED_SWIFT_STANDARD_LIBRARIES = YES;
				CLANG_CXX_LANGUAGE_STANDARD = "gnu++20";
				CLANG_ENABLE_MODULES = YES;
				CODE_SIGN_STYLE = Automatic;
				CURRENT_PROJECT_VERSION = 1;
				DEVELOPMENT_TEAM = S9QPEW3P9H;
				GENERATE_INFOPLIST_FILE = YES;
				IPHONEOS_DEPLOYMENT_TARGET = 13.0;
				LD_RUNPATH_SEARCH_PATHS = (
					"$(inherited)",
					"@executable_path/Frameworks",
					"@loader_path/Frameworks",
				);
				MARKETING_VERSION = 1.0;
				PRODUCT_BUNDLE_IDENTIFIER = me.lorenzolimoli.EssentialFeediOSTests;
				PRODUCT_NAME = "$(TARGET_NAME)";
				SDKROOT = iphoneos;
				SUPPORTED_PLATFORMS = "iphoneos iphonesimulator";
				SUPPORTS_MACCATALYST = NO;
				SUPPORTS_MAC_DESIGNED_FOR_IPHONE_IPAD = NO;
				SWIFT_EMIT_LOC_STRINGS = NO;
				SWIFT_VERSION = 5.0;
				TARGETED_DEVICE_FAMILY = "1,2";
				VALIDATE_PRODUCT = YES;
			};
			name = Release;
		};
		01F1B98E28FDCA660077AD33 /* Debug */ = {
			isa = XCBuildConfiguration;
			buildSettings = {
				CLANG_CXX_LANGUAGE_STANDARD = "gnu++20";
				CODE_SIGN_STYLE = Automatic;
				CURRENT_PROJECT_VERSION = 1;
				DEVELOPMENT_TEAM = RD2JZ43A47;
				GENERATE_INFOPLIST_FILE = YES;
				MACOSX_DEPLOYMENT_TARGET = 11.4;
				MARKETING_VERSION = 1.0;
				PRODUCT_BUNDLE_IDENTIFIER = me.lorenzolimoli.EssentialFeedAPIEndToEndTests;
				PRODUCT_NAME = "$(TARGET_NAME)";
				SUPPORTED_PLATFORMS = "iphoneos iphonesimulator macosx";
				SUPPORTS_MACCATALYST = NO;
				SUPPORTS_MAC_DESIGNED_FOR_IPHONE_IPAD = NO;
				SWIFT_EMIT_LOC_STRINGS = NO;
				SWIFT_VERSION = 5.0;
				TARGETED_DEVICE_FAMILY = 1;
			};
			name = Debug;
		};
		01F1B98F28FDCA660077AD33 /* Release */ = {
			isa = XCBuildConfiguration;
			buildSettings = {
				CLANG_CXX_LANGUAGE_STANDARD = "gnu++20";
				CODE_SIGN_STYLE = Automatic;
				CURRENT_PROJECT_VERSION = 1;
				DEVELOPMENT_TEAM = RD2JZ43A47;
				GENERATE_INFOPLIST_FILE = YES;
				MACOSX_DEPLOYMENT_TARGET = 11.4;
				MARKETING_VERSION = 1.0;
				PRODUCT_BUNDLE_IDENTIFIER = me.lorenzolimoli.EssentialFeedAPIEndToEndTests;
				PRODUCT_NAME = "$(TARGET_NAME)";
				SUPPORTED_PLATFORMS = "iphoneos iphonesimulator macosx";
				SUPPORTS_MACCATALYST = NO;
				SUPPORTS_MAC_DESIGNED_FOR_IPHONE_IPAD = NO;
				SWIFT_EMIT_LOC_STRINGS = NO;
				SWIFT_VERSION = 5.0;
				TARGETED_DEVICE_FAMILY = 1;
			};
			name = Release;
		};
		080EDF0321B6DA7E00813479 /* Debug */ = {
			isa = XCBuildConfiguration;
			buildSettings = {
				ALWAYS_SEARCH_USER_PATHS = NO;
				CLANG_ANALYZER_LOCALIZABILITY_NONLOCALIZED = YES;
				CLANG_ANALYZER_NONNULL = YES;
				CLANG_ANALYZER_NUMBER_OBJECT_CONVERSION = YES_AGGRESSIVE;
				CLANG_CXX_LANGUAGE_STANDARD = "gnu++14";
				CLANG_CXX_LIBRARY = "libc++";
				CLANG_ENABLE_MODULES = YES;
				CLANG_ENABLE_OBJC_ARC = YES;
				CLANG_ENABLE_OBJC_WEAK = YES;
				CLANG_WARN_BLOCK_CAPTURE_AUTORELEASING = YES;
				CLANG_WARN_BOOL_CONVERSION = YES;
				CLANG_WARN_COMMA = YES;
				CLANG_WARN_CONSTANT_CONVERSION = YES;
				CLANG_WARN_DEPRECATED_OBJC_IMPLEMENTATIONS = YES;
				CLANG_WARN_DIRECT_OBJC_ISA_USAGE = YES_ERROR;
				CLANG_WARN_DOCUMENTATION_COMMENTS = YES;
				CLANG_WARN_EMPTY_BODY = YES;
				CLANG_WARN_ENUM_CONVERSION = YES;
				CLANG_WARN_INFINITE_RECURSION = YES;
				CLANG_WARN_INT_CONVERSION = YES;
				CLANG_WARN_NON_LITERAL_NULL_CONVERSION = YES;
				CLANG_WARN_OBJC_IMPLICIT_RETAIN_SELF = YES;
				CLANG_WARN_OBJC_LITERAL_CONVERSION = YES;
				CLANG_WARN_OBJC_ROOT_CLASS = YES_ERROR;
				CLANG_WARN_QUOTED_INCLUDE_IN_FRAMEWORK_HEADER = YES;
				CLANG_WARN_RANGE_LOOP_ANALYSIS = YES;
				CLANG_WARN_STRICT_PROTOTYPES = YES;
				CLANG_WARN_SUSPICIOUS_MOVE = YES;
				CLANG_WARN_UNGUARDED_AVAILABILITY = YES_AGGRESSIVE;
				CLANG_WARN_UNREACHABLE_CODE = YES;
				CLANG_WARN__DUPLICATE_METHOD_MATCH = YES;
				CODE_SIGN_IDENTITY = "Mac Developer";
				COPY_PHASE_STRIP = NO;
				CURRENT_PROJECT_VERSION = 1;
				DEAD_CODE_STRIPPING = YES;
				DEBUG_INFORMATION_FORMAT = dwarf;
				ENABLE_STRICT_OBJC_MSGSEND = YES;
				ENABLE_TESTABILITY = YES;
				GCC_C_LANGUAGE_STANDARD = gnu11;
				GCC_DYNAMIC_NO_PIC = NO;
				GCC_NO_COMMON_BLOCKS = YES;
				GCC_OPTIMIZATION_LEVEL = 0;
				GCC_PREPROCESSOR_DEFINITIONS = (
					"DEBUG=1",
					"$(inherited)",
				);
				GCC_WARN_64_TO_32_BIT_CONVERSION = YES;
				GCC_WARN_ABOUT_RETURN_TYPE = YES_ERROR;
				GCC_WARN_UNDECLARED_SELECTOR = YES;
				GCC_WARN_UNINITIALIZED_AUTOS = YES_AGGRESSIVE;
				GCC_WARN_UNUSED_FUNCTION = YES;
				GCC_WARN_UNUSED_VARIABLE = YES;
				IPHONEOS_DEPLOYMENT_TARGET = 13.0;
				MACOSX_DEPLOYMENT_TARGET = 11.4;
				MTL_ENABLE_DEBUG_INFO = INCLUDE_SOURCE;
				MTL_FAST_MATH = YES;
				ONLY_ACTIVE_ARCH = YES;
				SDKROOT = macosx;
				SWIFT_ACTIVE_COMPILATION_CONDITIONS = DEBUG;
				SWIFT_OPTIMIZATION_LEVEL = "-Onone";
				VERSIONING_SYSTEM = "apple-generic";
				VERSION_INFO_PREFIX = "";
			};
			name = Debug;
		};
		080EDF0421B6DA7E00813479 /* Release */ = {
			isa = XCBuildConfiguration;
			buildSettings = {
				ALWAYS_SEARCH_USER_PATHS = NO;
				CLANG_ANALYZER_LOCALIZABILITY_NONLOCALIZED = YES;
				CLANG_ANALYZER_NONNULL = YES;
				CLANG_ANALYZER_NUMBER_OBJECT_CONVERSION = YES_AGGRESSIVE;
				CLANG_CXX_LANGUAGE_STANDARD = "gnu++14";
				CLANG_CXX_LIBRARY = "libc++";
				CLANG_ENABLE_MODULES = YES;
				CLANG_ENABLE_OBJC_ARC = YES;
				CLANG_ENABLE_OBJC_WEAK = YES;
				CLANG_WARN_BLOCK_CAPTURE_AUTORELEASING = YES;
				CLANG_WARN_BOOL_CONVERSION = YES;
				CLANG_WARN_COMMA = YES;
				CLANG_WARN_CONSTANT_CONVERSION = YES;
				CLANG_WARN_DEPRECATED_OBJC_IMPLEMENTATIONS = YES;
				CLANG_WARN_DIRECT_OBJC_ISA_USAGE = YES_ERROR;
				CLANG_WARN_DOCUMENTATION_COMMENTS = YES;
				CLANG_WARN_EMPTY_BODY = YES;
				CLANG_WARN_ENUM_CONVERSION = YES;
				CLANG_WARN_INFINITE_RECURSION = YES;
				CLANG_WARN_INT_CONVERSION = YES;
				CLANG_WARN_NON_LITERAL_NULL_CONVERSION = YES;
				CLANG_WARN_OBJC_IMPLICIT_RETAIN_SELF = YES;
				CLANG_WARN_OBJC_LITERAL_CONVERSION = YES;
				CLANG_WARN_OBJC_ROOT_CLASS = YES_ERROR;
				CLANG_WARN_QUOTED_INCLUDE_IN_FRAMEWORK_HEADER = YES;
				CLANG_WARN_RANGE_LOOP_ANALYSIS = YES;
				CLANG_WARN_STRICT_PROTOTYPES = YES;
				CLANG_WARN_SUSPICIOUS_MOVE = YES;
				CLANG_WARN_UNGUARDED_AVAILABILITY = YES_AGGRESSIVE;
				CLANG_WARN_UNREACHABLE_CODE = YES;
				CLANG_WARN__DUPLICATE_METHOD_MATCH = YES;
				CODE_SIGN_IDENTITY = "Mac Developer";
				COPY_PHASE_STRIP = NO;
				CURRENT_PROJECT_VERSION = 1;
				DEAD_CODE_STRIPPING = YES;
				DEBUG_INFORMATION_FORMAT = "dwarf-with-dsym";
				ENABLE_NS_ASSERTIONS = NO;
				ENABLE_STRICT_OBJC_MSGSEND = YES;
				GCC_C_LANGUAGE_STANDARD = gnu11;
				GCC_NO_COMMON_BLOCKS = YES;
				GCC_WARN_64_TO_32_BIT_CONVERSION = YES;
				GCC_WARN_ABOUT_RETURN_TYPE = YES_ERROR;
				GCC_WARN_UNDECLARED_SELECTOR = YES;
				GCC_WARN_UNINITIALIZED_AUTOS = YES_AGGRESSIVE;
				GCC_WARN_UNUSED_FUNCTION = YES;
				GCC_WARN_UNUSED_VARIABLE = YES;
				IPHONEOS_DEPLOYMENT_TARGET = 13.0;
				MACOSX_DEPLOYMENT_TARGET = 11.4;
				MTL_ENABLE_DEBUG_INFO = NO;
				MTL_FAST_MATH = YES;
				SDKROOT = macosx;
				SWIFT_COMPILATION_MODE = wholemodule;
				SWIFT_OPTIMIZATION_LEVEL = "-O";
				VERSIONING_SYSTEM = "apple-generic";
				VERSION_INFO_PREFIX = "";
			};
			name = Release;
		};
		080EDF0621B6DA7E00813479 /* Debug */ = {
			isa = XCBuildConfiguration;
			buildSettings = {
				CLANG_ENABLE_MODULES = YES;
				CODE_SIGN_IDENTITY = "";
				"CODE_SIGN_IDENTITY[sdk=macosx*]" = "Apple Development";
				CODE_SIGN_STYLE = Automatic;
				COMBINE_HIDPI_IMAGES = YES;
				DEAD_CODE_STRIPPING = YES;
				DEFINES_MODULE = YES;
				DEVELOPMENT_TEAM = RD2JZ43A47;
				DYLIB_COMPATIBILITY_VERSION = 1;
				DYLIB_CURRENT_VERSION = 1;
				DYLIB_INSTALL_NAME_BASE = "@rpath";
				FRAMEWORK_VERSION = A;
				INFOPLIST_FILE = EssentialFeed/Info.plist;
				INSTALL_PATH = "$(LOCAL_LIBRARY_DIR)/Frameworks";
				LD_RUNPATH_SEARCH_PATHS = (
					"$(inherited)",
					"@executable_path/../Frameworks",
					"@loader_path/Frameworks",
				);
				PRODUCT_BUNDLE_IDENTIFIER = me.lorenzolimoli.EssentialFeed;
				PRODUCT_NAME = "$(TARGET_NAME:c99extidentifier)";
				SKIP_INSTALL = YES;
				SUPPORTED_PLATFORMS = "iphoneos iphonesimulator macosx";
				SUPPORTS_MACCATALYST = NO;
				SUPPORTS_MAC_DESIGNED_FOR_IPHONE_IPAD = NO;
				SWIFT_OPTIMIZATION_LEVEL = "-Onone";
				SWIFT_VERSION = 5.0;
				TARGETED_DEVICE_FAMILY = 1;
			};
			name = Debug;
		};
		080EDF0721B6DA7E00813479 /* Release */ = {
			isa = XCBuildConfiguration;
			buildSettings = {
				CLANG_ENABLE_MODULES = YES;
				CODE_SIGN_IDENTITY = "";
				"CODE_SIGN_IDENTITY[sdk=macosx*]" = "Apple Development";
				CODE_SIGN_STYLE = Automatic;
				COMBINE_HIDPI_IMAGES = YES;
				DEAD_CODE_STRIPPING = YES;
				DEFINES_MODULE = YES;
				DEVELOPMENT_TEAM = RD2JZ43A47;
				DYLIB_COMPATIBILITY_VERSION = 1;
				DYLIB_CURRENT_VERSION = 1;
				DYLIB_INSTALL_NAME_BASE = "@rpath";
				FRAMEWORK_VERSION = A;
				INFOPLIST_FILE = EssentialFeed/Info.plist;
				INSTALL_PATH = "$(LOCAL_LIBRARY_DIR)/Frameworks";
				LD_RUNPATH_SEARCH_PATHS = (
					"$(inherited)",
					"@executable_path/../Frameworks",
					"@loader_path/Frameworks",
				);
				PRODUCT_BUNDLE_IDENTIFIER = me.lorenzolimoli.EssentialFeed;
				PRODUCT_NAME = "$(TARGET_NAME:c99extidentifier)";
				SKIP_INSTALL = YES;
				SUPPORTED_PLATFORMS = "iphoneos iphonesimulator macosx";
				SUPPORTS_MACCATALYST = NO;
				SUPPORTS_MAC_DESIGNED_FOR_IPHONE_IPAD = NO;
				SWIFT_VERSION = 5.0;
				TARGETED_DEVICE_FAMILY = 1;
			};
			name = Release;
		};
		080EDF0921B6DA7E00813479 /* Debug */ = {
			isa = XCBuildConfiguration;
			buildSettings = {
				ALWAYS_EMBED_SWIFT_STANDARD_LIBRARIES = YES;
				CLANG_ENABLE_MODULES = YES;
				CODE_SIGN_STYLE = Automatic;
				COMBINE_HIDPI_IMAGES = YES;
				DEAD_CODE_STRIPPING = YES;
				DEVELOPMENT_TEAM = RD2JZ43A47;
				INFOPLIST_FILE = EssentialFeedTests/Info.plist;
				LD_RUNPATH_SEARCH_PATHS = (
					"$(inherited)",
					"@executable_path/../Frameworks",
					"@loader_path/../Frameworks",
				);
				PRODUCT_BUNDLE_IDENTIFIER = me.lorenzolimoli.EssentialFeedTests;
				PRODUCT_NAME = "$(TARGET_NAME)";
				SUPPORTED_PLATFORMS = "iphoneos iphonesimulator macosx";
				SUPPORTS_MACCATALYST = NO;
				SUPPORTS_MAC_DESIGNED_FOR_IPHONE_IPAD = NO;
				SWIFT_OPTIMIZATION_LEVEL = "-Onone";
				SWIFT_VERSION = 5.0;
				TARGETED_DEVICE_FAMILY = 1;
			};
			name = Debug;
		};
		080EDF0A21B6DA7E00813479 /* Release */ = {
			isa = XCBuildConfiguration;
			buildSettings = {
				ALWAYS_EMBED_SWIFT_STANDARD_LIBRARIES = YES;
				CLANG_ENABLE_MODULES = YES;
				CODE_SIGN_STYLE = Automatic;
				COMBINE_HIDPI_IMAGES = YES;
				DEAD_CODE_STRIPPING = YES;
				DEVELOPMENT_TEAM = RD2JZ43A47;
				INFOPLIST_FILE = EssentialFeedTests/Info.plist;
				LD_RUNPATH_SEARCH_PATHS = (
					"$(inherited)",
					"@executable_path/../Frameworks",
					"@loader_path/../Frameworks",
				);
				PRODUCT_BUNDLE_IDENTIFIER = me.lorenzolimoli.EssentialFeedTests;
				PRODUCT_NAME = "$(TARGET_NAME)";
				SUPPORTED_PLATFORMS = "iphoneos iphonesimulator macosx";
				SUPPORTS_MACCATALYST = NO;
				SUPPORTS_MAC_DESIGNED_FOR_IPHONE_IPAD = NO;
				SWIFT_VERSION = 5.0;
				TARGETED_DEVICE_FAMILY = 1;
			};
			name = Release;
		};
/* End XCBuildConfiguration section */

/* Begin XCConfigurationList section */
		019F76842912EC8500AB542A /* Build configuration list for PBXNativeTarget "EssentialFeedCacheIntegrationTests" */ = {
			isa = XCConfigurationList;
			buildConfigurations = (
				019F76852912EC8500AB542A /* Debug */,
				019F76862912EC8500AB542A /* Release */,
			);
			defaultConfigurationIsVisible = 0;
			defaultConfigurationName = Release;
		};
		01CD9E8E292004EA007C85E0 /* Build configuration list for PBXNativeTarget "EssentialFeediOS" */ = {
			isa = XCConfigurationList;
			buildConfigurations = (
				01CD9E8F292004EA007C85E0 /* Debug */,
				01CD9E90292004EA007C85E0 /* Release */,
			);
			defaultConfigurationIsVisible = 0;
			defaultConfigurationName = Release;
		};
		01CD9E91292004EA007C85E0 /* Build configuration list for PBXNativeTarget "EssentialFeediOSTests" */ = {
			isa = XCConfigurationList;
			buildConfigurations = (
				01CD9E92292004EA007C85E0 /* Debug */,
				01CD9E93292004EA007C85E0 /* Release */,
			);
			defaultConfigurationIsVisible = 0;
			defaultConfigurationName = Release;
		};
		01F1B98D28FDCA660077AD33 /* Build configuration list for PBXNativeTarget "EssentialFeedAPIEndToEndTests" */ = {
			isa = XCConfigurationList;
			buildConfigurations = (
				01F1B98E28FDCA660077AD33 /* Debug */,
				01F1B98F28FDCA660077AD33 /* Release */,
			);
			defaultConfigurationIsVisible = 0;
			defaultConfigurationName = Release;
		};
		080EDEEB21B6DA7E00813479 /* Build configuration list for PBXProject "EssentialFeed" */ = {
			isa = XCConfigurationList;
			buildConfigurations = (
				080EDF0321B6DA7E00813479 /* Debug */,
				080EDF0421B6DA7E00813479 /* Release */,
			);
			defaultConfigurationIsVisible = 0;
			defaultConfigurationName = Release;
		};
		080EDF0521B6DA7E00813479 /* Build configuration list for PBXNativeTarget "EssentialFeed" */ = {
			isa = XCConfigurationList;
			buildConfigurations = (
				080EDF0621B6DA7E00813479 /* Debug */,
				080EDF0721B6DA7E00813479 /* Release */,
			);
			defaultConfigurationIsVisible = 0;
			defaultConfigurationName = Release;
		};
		080EDF0821B6DA7E00813479 /* Build configuration list for PBXNativeTarget "EssentialFeedTests" */ = {
			isa = XCConfigurationList;
			buildConfigurations = (
				080EDF0921B6DA7E00813479 /* Debug */,
				080EDF0A21B6DA7E00813479 /* Release */,
			);
			defaultConfigurationIsVisible = 0;
			defaultConfigurationName = Release;
		};
/* End XCConfigurationList section */

/* Begin XCVersionGroup section */
		01C1D4B1291038DF0087336B /* FeedStore.xcdatamodeld */ = {
			isa = XCVersionGroup;
			children = (
				01C1D4B2291038DF0087336B /* FeedStore.xcdatamodel */,
			);
			currentVersion = 01C1D4B2291038DF0087336B /* FeedStore.xcdatamodel */;
			path = FeedStore.xcdatamodeld;
			sourceTree = "<group>";
			versionGroupType = wrapper.xcdatamodel;
		};
/* End XCVersionGroup section */
	};
	rootObject = 080EDEE821B6DA7E00813479 /* Project object */;
}
